// !$*UTF8*$!
{
	archiveVersion = 1;
	classes = {
	};
	objectVersion = 56;
	objects = {

/* Begin PBXBuildFile section */
		010EA4792951BF17009D8E79 /* DelegateExtension.swift in Sources */ = {isa = PBXBuildFile; fileRef = 010EA4782951BF17009D8E79 /* DelegateExtension.swift */; };
		010EA47B2952FC36009D8E79 /* OnBoardingController.swift in Sources */ = {isa = PBXBuildFile; fileRef = 010EA47A2952FC36009D8E79 /* OnBoardingController.swift */; };
		010EA47E2952FCD1009D8E79 /* LabelSub.swift in Sources */ = {isa = PBXBuildFile; fileRef = 010EA47D2952FCD1009D8E79 /* LabelSub.swift */; };
		010EA4802952FCE7009D8E79 /* ViewSub.swift in Sources */ = {isa = PBXBuildFile; fileRef = 010EA47F2952FCE7009D8E79 /* ViewSub.swift */; };
		010EA4822952FD0C009D8E79 /* ImageViewSub.swift in Sources */ = {isa = PBXBuildFile; fileRef = 010EA4812952FD0C009D8E79 /* ImageViewSub.swift */; };
		010EA4842952FD39009D8E79 /* Collection.swift in Sources */ = {isa = PBXBuildFile; fileRef = 010EA4832952FD39009D8E79 /* Collection.swift */; };
		010EA487295303A0009D8E79 /* FirstOnBoarding.swift in Sources */ = {isa = PBXBuildFile; fileRef = 010EA486295303A0009D8E79 /* FirstOnBoarding.swift */; };
		010EA489295303A8009D8E79 /* SecondOnBoarding.swift in Sources */ = {isa = PBXBuildFile; fileRef = 010EA488295303A8009D8E79 /* SecondOnBoarding.swift */; };
		010EA49129530A16009D8E79 /* StoreManager.swift in Sources */ = {isa = PBXBuildFile; fileRef = 010EA49029530A16009D8E79 /* StoreManager.swift */; };
		010EA49329530A30009D8E79 /* InAppPurchase.swift in Sources */ = {isa = PBXBuildFile; fileRef = 010EA49229530A30009D8E79 /* InAppPurchase.swift */; };
		010EA49629530BF2009D8E79 /* Localization.swift in Sources */ = {isa = PBXBuildFile; fileRef = 010EA49529530BF2009D8E79 /* Localization.swift */; };
		010EA49B29532516009D8E79 /* SecondSubOnBoarding.swift in Sources */ = {isa = PBXBuildFile; fileRef = 010EA49A29532516009D8E79 /* SecondSubOnBoarding.swift */; };
		010EA49D2953251C009D8E79 /* SecondSubOnBoardingUI.swift in Sources */ = {isa = PBXBuildFile; fileRef = 010EA49C2953251C009D8E79 /* SecondSubOnBoardingUI.swift */; };
		010EA49F2953252B009D8E79 /* SecondSubOnBoardingLogic.swift in Sources */ = {isa = PBXBuildFile; fileRef = 010EA49E2953252B009D8E79 /* SecondSubOnBoardingLogic.swift */; };
		010EA4A12953253F009D8E79 /* FirstSubOnBoarding.swift in Sources */ = {isa = PBXBuildFile; fileRef = 010EA4A02953253F009D8E79 /* FirstSubOnBoarding.swift */; };
		010EA4A329532546009D8E79 /* FirstSubOnBoardingUI.swift in Sources */ = {isa = PBXBuildFile; fileRef = 010EA4A229532546009D8E79 /* FirstSubOnBoardingUI.swift */; };
		010EA4A529532550009D8E79 /* FirstSubOnBoardingLogic.swift in Sources */ = {isa = PBXBuildFile; fileRef = 010EA4A429532550009D8E79 /* FirstSubOnBoardingLogic.swift */; };
		010EA4A729532C93009D8E79 /* IsFirstLaunch.swift in Sources */ = {isa = PBXBuildFile; fileRef = 010EA4A629532C93009D8E79 /* IsFirstLaunch.swift */; };
		010EA4A929536E37009D8E79 /* FirstSubViewController.swift in Sources */ = {isa = PBXBuildFile; fileRef = 010EA4A829536E37009D8E79 /* FirstSubViewController.swift */; };
		010EA4AB29536E53009D8E79 /* FirstSubViewControllerUI.swift in Sources */ = {isa = PBXBuildFile; fileRef = 010EA4AA29536E53009D8E79 /* FirstSubViewControllerUI.swift */; };
		010EA4AD29536E5E009D8E79 /* FirstSubViewControllerLogic.swift in Sources */ = {isa = PBXBuildFile; fileRef = 010EA4AC29536E5E009D8E79 /* FirstSubViewControllerLogic.swift */; };
		010EA4AF29536E69009D8E79 /* SecondSubViewController.swift in Sources */ = {isa = PBXBuildFile; fileRef = 010EA4AE29536E69009D8E79 /* SecondSubViewController.swift */; };
		010EA4B129536E75009D8E79 /* SecondSubViewControllerUI.swift in Sources */ = {isa = PBXBuildFile; fileRef = 010EA4B029536E75009D8E79 /* SecondSubViewControllerUI.swift */; };
		010EA4B329536E7E009D8E79 /* SecondSubViewControllerLogic.swift in Sources */ = {isa = PBXBuildFile; fileRef = 010EA4B229536E7E009D8E79 /* SecondSubViewControllerLogic.swift */; };
		010EA4B529538C49009D8E79 /* GoogleService-Info.plist in Resources */ = {isa = PBXBuildFile; fileRef = 010EA4B429538C49009D8E79 /* GoogleService-Info.plist */; };
		010EEF212943D30600B140E3 /* TabBarController.swift in Sources */ = {isa = PBXBuildFile; fileRef = 010EEF202943D30600B140E3 /* TabBarController.swift */; };
		010EEF232943E17600B140E3 /* TabBarSetup.swift in Sources */ = {isa = PBXBuildFile; fileRef = 010EEF222943E17600B140E3 /* TabBarSetup.swift */; };
		010EEF282943E1E600B140E3 /* WhistleController.swift in Sources */ = {isa = PBXBuildFile; fileRef = 010EEF272943E1E600B140E3 /* WhistleController.swift */; };
		010EEF2A2943E1EF00B140E3 /* EmotionsController.swift in Sources */ = {isa = PBXBuildFile; fileRef = 010EEF292943E1EF00B140E3 /* EmotionsController.swift */; };
		010EEF2C2943E1F400B140E3 /* VoiceController.swift in Sources */ = {isa = PBXBuildFile; fileRef = 010EEF2B2943E1F400B140E3 /* VoiceController.swift */; };
		010EEF2E2943E79800B140E3 /* UILabel+init.swift in Sources */ = {isa = PBXBuildFile; fileRef = 010EEF2D2943E79800B140E3 /* UILabel+init.swift */; };
		010EEF302943E7A100B140E3 /* UIButton+init.swift in Sources */ = {isa = PBXBuildFile; fileRef = 010EEF2F2943E7A100B140E3 /* UIButton+init.swift */; };
		010EEF322943E7A900B140E3 /* ImageView+init.swift in Sources */ = {isa = PBXBuildFile; fileRef = 010EEF312943E7A900B140E3 /* ImageView+init.swift */; };
		010EEF342943E7B600B140E3 /* UIView+init.swift in Sources */ = {isa = PBXBuildFile; fileRef = 010EEF332943E7B600B140E3 /* UIView+init.swift */; };
		010EEF372943E7D900B140E3 /* Device+extension.swift in Sources */ = {isa = PBXBuildFile; fileRef = 010EEF362943E7D900B140E3 /* Device+extension.swift */; };
		010EEF3A2943E81A00B140E3 /* AVAudioPlayer+extension.swift in Sources */ = {isa = PBXBuildFile; fileRef = 010EEF392943E81A00B140E3 /* AVAudioPlayer+extension.swift */; };
		010EEF3C2943EA0400B140E3 /* VoiceSetUpUI.swift in Sources */ = {isa = PBXBuildFile; fileRef = 010EEF3B2943EA0400B140E3 /* VoiceSetUpUI.swift */; };
		010EEF3E2943EC1100B140E3 /* WhistleSetUpUI.swift in Sources */ = {isa = PBXBuildFile; fileRef = 010EEF3D2943EC1100B140E3 /* WhistleSetUpUI.swift */; };
		010EEF402943EC1B00B140E3 /* EmotionsSetUpUI.swift in Sources */ = {isa = PBXBuildFile; fileRef = 010EEF3F2943EC1B00B140E3 /* EmotionsSetUpUI.swift */; };
		010EEF432944029D00B140E3 /* ToneOutputUnit.swift in Sources */ = {isa = PBXBuildFile; fileRef = 010EEF422944029D00B140E3 /* ToneOutputUnit.swift */; };
		010EEF4729440DEC00B140E3 /* WhistleSetUpLogic.swift in Sources */ = {isa = PBXBuildFile; fileRef = 010EEF4629440DEC00B140E3 /* WhistleSetUpLogic.swift */; };
		010EEF49294466E700B140E3 /* VoiceSetUpLogic.swift in Sources */ = {isa = PBXBuildFile; fileRef = 010EEF48294466E700B140E3 /* VoiceSetUpLogic.swift */; };
		010EEF4B294485F200B140E3 /* DogCell.swift in Sources */ = {isa = PBXBuildFile; fileRef = 010EEF4A294485F200B140E3 /* DogCell.swift */; };
		010EEF4D2944EA9B00B140E3 /* EmotionsSetUpLogic.swift in Sources */ = {isa = PBXBuildFile; fileRef = 010EEF4C2944EA9B00B140E3 /* EmotionsSetUpLogic.swift */; };
		01196C8229466B0C00A23B6B /* UIImageView+BlurEffect.swift in Sources */ = {isa = PBXBuildFile; fileRef = 01196C8129466B0C00A23B6B /* UIImageView+BlurEffect.swift */; };
		01196C8429466D0D00A23B6B /* PopUpDogResultController.swift in Sources */ = {isa = PBXBuildFile; fileRef = 01196C8329466D0D00A23B6B /* PopUpDogResultController.swift */; };
		01196C872946759100A23B6B /* DogHousePopUp.swift in Sources */ = {isa = PBXBuildFile; fileRef = 01196C862946759100A23B6B /* DogHousePopUp.swift */; };
		01196C8929471F7500A23B6B /* 54610-microphone-recording.json in Resources */ = {isa = PBXBuildFile; fileRef = 01196C8829471F7500A23B6B /* 54610-microphone-recording.json */; };
		012EDD47294B60D000D6B722 /* SettingController.swift in Sources */ = {isa = PBXBuildFile; fileRef = 012EDD46294B60D000D6B722 /* SettingController.swift */; };
		012EDD49294B610900D6B722 /* SettingTableViewCell.swift in Sources */ = {isa = PBXBuildFile; fileRef = 012EDD48294B610900D6B722 /* SettingTableViewCell.swift */; };
		012EDD4B294B64C500D6B722 /* SettingTableViewExtension.swift in Sources */ = {isa = PBXBuildFile; fileRef = 012EDD4A294B64C500D6B722 /* SettingTableViewExtension.swift */; };
		012EDD4D294B6E4D00D6B722 /* SettingSetUpUi.swift in Sources */ = {isa = PBXBuildFile; fileRef = 012EDD4C294B6E4D00D6B722 /* SettingSetUpUi.swift */; };
		0131A7F72959EC8D002E3121 /* StoreKit.framework in Frameworks */ = {isa = PBXBuildFile; fileRef = 0131A7F62959EC8D002E3121 /* StoreKit.framework */; };
		0131A7FA295A5B33002E3121 /* InfoPlist.strings in Resources */ = {isa = PBXBuildFile; fileRef = 0131A7FC295A5B33002E3121 /* InfoPlist.strings */; };
		0131A7FE295A622B002E3121 /* FAQController.swift in Sources */ = {isa = PBXBuildFile; fileRef = 0131A7FD295A622B002E3121 /* FAQController.swift */; };
		014622EE29F1015100C82036 /* congrats.json in Resources */ = {isa = PBXBuildFile; fileRef = 014622ED29F1015100C82036 /* congrats.json */; };
		014622F029F10B5200C82036 /* open.mp3 in Resources */ = {isa = PBXBuildFile; fileRef = 014622EF29F10B5200C82036 /* open.mp3 */; };
		014622F229F10B5800C82036 /* match.mp3 in Resources */ = {isa = PBXBuildFile; fileRef = 014622F129F10B5800C82036 /* match.mp3 */; };
		0147ABD42987E8AE0085B65C /* microphone.json in Resources */ = {isa = PBXBuildFile; fileRef = 0147ABD32987E8AE0085B65C /* microphone.json */; };
		0147ABD6298808220085B65C /* index1PopUp.swift in Sources */ = {isa = PBXBuildFile; fileRef = 0147ABD5298808220085B65C /* index1PopUp.swift */; };
		0147ABD829881F520085B65C /* 11.mp3 in Resources */ = {isa = PBXBuildFile; fileRef = 0147ABD729881F520085B65C /* 11.mp3 */; };
		0147AC3029885CA50085B65C /* 51.mp3 in Resources */ = {isa = PBXBuildFile; fileRef = 0147ABFF29885C9A0085B65C /* 51.mp3 */; };
		0147AC3229885CA50085B65C /* 53.mp3 in Resources */ = {isa = PBXBuildFile; fileRef = 0147AC0129885C9A0085B65C /* 53.mp3 */; };
		0147AC3429885CA50085B65C /* 116.mp3 in Resources */ = {isa = PBXBuildFile; fileRef = 0147AC0329885C9B0085B65C /* 116.mp3 */; };
		0147AC3629885CA50085B65C /* 122.mp3 in Resources */ = {isa = PBXBuildFile; fileRef = 0147AC0529885C9B0085B65C /* 122.mp3 */; };
		0147AC3729885CA50085B65C /* 42.mp3 in Resources */ = {isa = PBXBuildFile; fileRef = 0147AC0629885C9B0085B65C /* 42.mp3 */; };
		0147AC3929885CA50085B65C /* 52.mp3 in Resources */ = {isa = PBXBuildFile; fileRef = 0147AC0829885C9C0085B65C /* 52.mp3 */; };
		0147AC3A29885CA50085B65C /* 43.mp3 in Resources */ = {isa = PBXBuildFile; fileRef = 0147AC0929885C9C0085B65C /* 43.mp3 */; };
		0147AC3B29885CA50085B65C /* 128.mp3 in Resources */ = {isa = PBXBuildFile; fileRef = 0147AC0A29885C9C0085B65C /* 128.mp3 */; };
		0147AC3C29885CA50085B65C /* 50.mp3 in Resources */ = {isa = PBXBuildFile; fileRef = 0147AC0B29885C9D0085B65C /* 50.mp3 */; };
		0147AC3D29885CA50085B65C /* 110.mp3 in Resources */ = {isa = PBXBuildFile; fileRef = 0147AC0C29885C9D0085B65C /* 110.mp3 */; };
		0147AC3E29885CA50085B65C /* 118.mp3 in Resources */ = {isa = PBXBuildFile; fileRef = 0147AC0D29885C9D0085B65C /* 118.mp3 */; };
		0147AC3F29885CA50085B65C /* 117.mp3 in Resources */ = {isa = PBXBuildFile; fileRef = 0147AC0E29885C9D0085B65C /* 117.mp3 */; };
		0147AC4329885CA50085B65C /* 44.mp3 in Resources */ = {isa = PBXBuildFile; fileRef = 0147AC1229885C9E0085B65C /* 44.mp3 */; };
		0147AC4429885CA50085B65C /* 126.mp3 in Resources */ = {isa = PBXBuildFile; fileRef = 0147AC1329885C9F0085B65C /* 126.mp3 */; };
		0147AC4529885CA50085B65C /* 32.mp3 in Resources */ = {isa = PBXBuildFile; fileRef = 0147AC1429885C9F0085B65C /* 32.mp3 */; };
		0147AC4729885CA50085B65C /* 125.mp3 in Resources */ = {isa = PBXBuildFile; fileRef = 0147AC1629885C9F0085B65C /* 125.mp3 */; };
		0147AC4829885CA50085B65C /* 119.mp3 in Resources */ = {isa = PBXBuildFile; fileRef = 0147AC1729885CA00085B65C /* 119.mp3 */; };
		0147AC4929885CA50085B65C /* 121.mp3 in Resources */ = {isa = PBXBuildFile; fileRef = 0147AC1829885CA00085B65C /* 121.mp3 */; };
		0147AC4A29885CA50085B65C /* 58.mp3 in Resources */ = {isa = PBXBuildFile; fileRef = 0147AC1929885CA00085B65C /* 58.mp3 */; };
		0147AC4B29885CA50085B65C /* 111.mp3 in Resources */ = {isa = PBXBuildFile; fileRef = 0147AC1A29885CA00085B65C /* 111.mp3 */; };
		0147AC4D29885CA50085B65C /* 45.mp3 in Resources */ = {isa = PBXBuildFile; fileRef = 0147AC1C29885CA10085B65C /* 45.mp3 */; };
		0147AC4E29885CA50085B65C /* 35.mp3 in Resources */ = {isa = PBXBuildFile; fileRef = 0147AC1D29885CA10085B65C /* 35.mp3 */; };
		0147AC4F29885CA50085B65C /* 38.mp3 in Resources */ = {isa = PBXBuildFile; fileRef = 0147AC1E29885CA10085B65C /* 38.mp3 */; };
		0147AC5029885CA50085B65C /* 36.mp3 in Resources */ = {isa = PBXBuildFile; fileRef = 0147AC1F29885CA10085B65C /* 36.mp3 */; };
		0147AC5129885CA50085B65C /* 40.mp3 in Resources */ = {isa = PBXBuildFile; fileRef = 0147AC2029885CA20085B65C /* 40.mp3 */; };
		0147AC5229885CA50085B65C /* 129.mp3 in Resources */ = {isa = PBXBuildFile; fileRef = 0147AC2129885CA20085B65C /* 129.mp3 */; };
		0147AC5329885CA50085B65C /* 123.mp3 in Resources */ = {isa = PBXBuildFile; fileRef = 0147AC2229885CA20085B65C /* 123.mp3 */; };
		0147AC5429885CA50085B65C /* 39.mp3 in Resources */ = {isa = PBXBuildFile; fileRef = 0147AC2329885CA20085B65C /* 39.mp3 */; };
		0147AC5629885CA50085B65C /* 112.mp3 in Resources */ = {isa = PBXBuildFile; fileRef = 0147AC2529885CA30085B65C /* 112.mp3 */; };
		0147AC5829885CA50085B65C /* 120.mp3 in Resources */ = {isa = PBXBuildFile; fileRef = 0147AC2729885CA30085B65C /* 120.mp3 */; };
		0147AC5929885CA50085B65C /* 113.mp3 in Resources */ = {isa = PBXBuildFile; fileRef = 0147AC2829885CA30085B65C /* 113.mp3 */; };
		0147AC5C29885CA50085B65C /* 46.mp3 in Resources */ = {isa = PBXBuildFile; fileRef = 0147AC2B29885CA40085B65C /* 46.mp3 */; };
		0147AC5D29885CA50085B65C /* 115.mp3 in Resources */ = {isa = PBXBuildFile; fileRef = 0147AC2C29885CA40085B65C /* 115.mp3 */; };
		0147AC5F29885CA50085B65C /* 114.mp3 in Resources */ = {isa = PBXBuildFile; fileRef = 0147AC2E29885CA50085B65C /* 114.mp3 */; };
		0147AC6029885CA50085B65C /* 41.mp3 in Resources */ = {isa = PBXBuildFile; fileRef = 0147AC2F29885CA50085B65C /* 41.mp3 */; };
		0147AC62298864E70085B65C /* RateUS.swift in Sources */ = {isa = PBXBuildFile; fileRef = 0147AC61298864E70085B65C /* RateUS.swift */; };
		017448CA29D6D09300ECE743 /* WhisteAlert.swift in Sources */ = {isa = PBXBuildFile; fileRef = 017448C929D6D09300ECE743 /* WhisteAlert.swift */; };
		0178591C29E54637001D2D21 /* Card.swift in Sources */ = {isa = PBXBuildFile; fileRef = 0178591B29E54637001D2D21 /* Card.swift */; };
		0178591E29E54647001D2D21 /* CardModel.swift in Sources */ = {isa = PBXBuildFile; fileRef = 0178591D29E54647001D2D21 /* CardModel.swift */; };
		0178592029E54662001D2D21 /* NewCardGame.swift in Sources */ = {isa = PBXBuildFile; fileRef = 0178591F29E54662001D2D21 /* NewCardGame.swift */; };
		0178592229E54672001D2D21 /* GameControllre.swift in Sources */ = {isa = PBXBuildFile; fileRef = 0178592129E54672001D2D21 /* GameControllre.swift */; };
		0178592429E54681001D2D21 /* GameLogic.swift in Sources */ = {isa = PBXBuildFile; fileRef = 0178592329E54681001D2D21 /* GameLogic.swift */; };
		0178592629E5468F001D2D21 /* CardCell.swift in Sources */ = {isa = PBXBuildFile; fileRef = 0178592529E5468F001D2D21 /* CardCell.swift */; };
		0178592829E5469F001D2D21 /* LevelControllre.swift in Sources */ = {isa = PBXBuildFile; fileRef = 0178592729E5469F001D2D21 /* LevelControllre.swift */; };
		0178592D29E679B6001D2D21 /* BlogViewController.swift in Sources */ = {isa = PBXBuildFile; fileRef = 0178592C29E679B6001D2D21 /* BlogViewController.swift */; };
		0178592F29E6A306001D2D21 /* BlogCell.swift in Sources */ = {isa = PBXBuildFile; fileRef = 0178592E29E6A306001D2D21 /* BlogCell.swift */; };
		0178593129E6B5A8001D2D21 /* BlogUI.swift in Sources */ = {isa = PBXBuildFile; fileRef = 0178593029E6B5A8001D2D21 /* BlogUI.swift */; };
		0178593329E6BCF2001D2D21 /* BlogSetupCollection.swift in Sources */ = {isa = PBXBuildFile; fileRef = 0178593229E6BCF2001D2D21 /* BlogSetupCollection.swift */; };
		0178593529E71216001D2D21 /* BlogAction.swift in Sources */ = {isa = PBXBuildFile; fileRef = 0178593429E71215001D2D21 /* BlogAction.swift */; };
		019366BA295ECF9F00800A04 /* 6.mp3 in Resources */ = {isa = PBXBuildFile; fileRef = 019366B9295ECF9F00800A04 /* 6.mp3 */; };
		01A2872E2946383100CC3AE8 /* Recorder+extension.swift in Sources */ = {isa = PBXBuildFile; fileRef = 01A2872D2946383100CC3AE8 /* Recorder+extension.swift */; };
		01A28730294638ED00CC3AE8 /* RecorderVoiceController.swift in Sources */ = {isa = PBXBuildFile; fileRef = 01A2872F294638ED00CC3AE8 /* RecorderVoiceController.swift */; };
		01A2873529463ED400CC3AE8 /* stars.json in Resources */ = {isa = PBXBuildFile; fileRef = 01A2873229463ED400CC3AE8 /* stars.json */; };
		01A2873629463ED400CC3AE8 /* dog.json in Resources */ = {isa = PBXBuildFile; fileRef = 01A2873329463ED400CC3AE8 /* dog.json */; };
		01B4BAF0297150AE001F6D3A /* AlertPermission.swift in Sources */ = {isa = PBXBuildFile; fileRef = 01B4BAEF297150AE001F6D3A /* AlertPermission.swift */; };
		01D1B9612958B4E70033F209 /* Transition.swift in Sources */ = {isa = PBXBuildFile; fileRef = 01D1B9602958B4E70033F209 /* Transition.swift */; };
		01D1B9632958B7C10033F209 /* ImageAlert.swift in Sources */ = {isa = PBXBuildFile; fileRef = 01D1B9622958B7C10033F209 /* ImageAlert.swift */; };
		01D1B9652959D2360033F209 /* RemoteConfig.swift in Sources */ = {isa = PBXBuildFile; fileRef = 01D1B9642959D2360033F209 /* RemoteConfig.swift */; };
		01D1B9682959DD800033F209 /* Localizable.strings in Resources */ = {isa = PBXBuildFile; fileRef = 01D1B96A2959DD800033F209 /* Localizable.strings */; };
		01DAEC80294E3E3400E9EED2 /* PopUpController.swift in Sources */ = {isa = PBXBuildFile; fileRef = 01DAEC7F294E3E3400E9EED2 /* PopUpController.swift */; };
		01F89370293BFDB10087AD3C /* AppDelegate.swift in Sources */ = {isa = PBXBuildFile; fileRef = 01F8936F293BFDB10087AD3C /* AppDelegate.swift */; };
		01F89379293BFDB20087AD3C /* Assets.xcassets in Resources */ = {isa = PBXBuildFile; fileRef = 01F89378293BFDB20087AD3C /* Assets.xcassets */; };
		01F8937C293BFDB20087AD3C /* LaunchScreen.storyboard in Resources */ = {isa = PBXBuildFile; fileRef = 01F8937A293BFDB20087AD3C /* LaunchScreen.storyboard */; };
		01FFC509295DA53F00D96F7E /* 5.mp3 in Resources */ = {isa = PBXBuildFile; fileRef = 01FFC4F1295DA53A00D96F7E /* 5.mp3 */; };
		01FFC50A295DA53F00D96F7E /* 3.mp3 in Resources */ = {isa = PBXBuildFile; fileRef = 01FFC4F2295DA53A00D96F7E /* 3.mp3 */; };
		01FFC50B295DA53F00D96F7E /* 13.mp3 in Resources */ = {isa = PBXBuildFile; fileRef = 01FFC4F3295DA53A00D96F7E /* 13.mp3 */; };
		01FFC50C295DA53F00D96F7E /* 14.mp3 in Resources */ = {isa = PBXBuildFile; fileRef = 01FFC4F4295DA53B00D96F7E /* 14.mp3 */; };
		01FFC50D295DA53F00D96F7E /* 19.mp3 in Resources */ = {isa = PBXBuildFile; fileRef = 01FFC4F5295DA53B00D96F7E /* 19.mp3 */; };
		01FFC50E295DA53F00D96F7E /* 12.mp3 in Resources */ = {isa = PBXBuildFile; fileRef = 01FFC4F6295DA53B00D96F7E /* 12.mp3 */; };
		01FFC50F295DA53F00D96F7E /* 2.mp3 in Resources */ = {isa = PBXBuildFile; fileRef = 01FFC4F7295DA53B00D96F7E /* 2.mp3 */; };
		01FFC510295DA53F00D96F7E /* 22.mp3 in Resources */ = {isa = PBXBuildFile; fileRef = 01FFC4F8295DA53C00D96F7E /* 22.mp3 */; };
		01FFC511295DA53F00D96F7E /* 16.mp3 in Resources */ = {isa = PBXBuildFile; fileRef = 01FFC4F9295DA53C00D96F7E /* 16.mp3 */; };
		01FFC512295DA53F00D96F7E /* 1.mp3 in Resources */ = {isa = PBXBuildFile; fileRef = 01FFC4FA295DA53C00D96F7E /* 1.mp3 */; };
		01FFC513295DA53F00D96F7E /* 7.mp3 in Resources */ = {isa = PBXBuildFile; fileRef = 01FFC4FB295DA53C00D96F7E /* 7.mp3 */; };
		01FFC514295DA53F00D96F7E /* 24.mp3 in Resources */ = {isa = PBXBuildFile; fileRef = 01FFC4FC295DA53C00D96F7E /* 24.mp3 */; };
		01FFC515295DA53F00D96F7E /* 15.mp3 in Resources */ = {isa = PBXBuildFile; fileRef = 01FFC4FD295DA53D00D96F7E /* 15.mp3 */; };
		01FFC516295DA53F00D96F7E /* 4.mp3 in Resources */ = {isa = PBXBuildFile; fileRef = 01FFC4FE295DA53D00D96F7E /* 4.mp3 */; };
		01FFC517295DA53F00D96F7E /* 8.mp3 in Resources */ = {isa = PBXBuildFile; fileRef = 01FFC4FF295DA53D00D96F7E /* 8.mp3 */; };
		01FFC518295DA53F00D96F7E /* 17.mp3 in Resources */ = {isa = PBXBuildFile; fileRef = 01FFC500295DA53D00D96F7E /* 17.mp3 */; };
		01FFC519295DA53F00D96F7E /* 20.mp3 in Resources */ = {isa = PBXBuildFile; fileRef = 01FFC501295DA53E00D96F7E /* 20.mp3 */; };
		01FFC51A295DA53F00D96F7E /* 23.mp3 in Resources */ = {isa = PBXBuildFile; fileRef = 01FFC502295DA53E00D96F7E /* 23.mp3 */; };
		01FFC51B295DA53F00D96F7E /* 21.mp3 in Resources */ = {isa = PBXBuildFile; fileRef = 01FFC503295DA53E00D96F7E /* 21.mp3 */; };
		01FFC51D295DA53F00D96F7E /* 10.mp3 in Resources */ = {isa = PBXBuildFile; fileRef = 01FFC505295DA53E00D96F7E /* 10.mp3 */; };
		01FFC51F295DA53F00D96F7E /* 18.mp3 in Resources */ = {isa = PBXBuildFile; fileRef = 01FFC507295DA53F00D96F7E /* 18.mp3 */; };
		01FFC520295DA53F00D96F7E /* 9.mp3 in Resources */ = {isa = PBXBuildFile; fileRef = 01FFC508295DA53F00D96F7E /* 9.mp3 */; };
		A3DA253C2D1239D1D9ED9A38 /* Pods_dogTranslator.framework in Frameworks */ = {isa = PBXBuildFile; fileRef = 41927CCFA456EA1BCA43EBF0 /* Pods_dogTranslator.framework */; };
/* End PBXBuildFile section */

/* Begin PBXFileReference section */
		010EA4782951BF17009D8E79 /* DelegateExtension.swift */ = {isa = PBXFileReference; lastKnownFileType = sourcecode.swift; path = DelegateExtension.swift; sourceTree = "<group>"; };
		010EA47A2952FC36009D8E79 /* OnBoardingController.swift */ = {isa = PBXFileReference; lastKnownFileType = sourcecode.swift; path = OnBoardingController.swift; sourceTree = "<group>"; };
		010EA47D2952FCD1009D8E79 /* LabelSub.swift */ = {isa = PBXFileReference; lastKnownFileType = sourcecode.swift; path = LabelSub.swift; sourceTree = "<group>"; };
		010EA47F2952FCE7009D8E79 /* ViewSub.swift */ = {isa = PBXFileReference; lastKnownFileType = sourcecode.swift; path = ViewSub.swift; sourceTree = "<group>"; };
		010EA4812952FD0C009D8E79 /* ImageViewSub.swift */ = {isa = PBXFileReference; lastKnownFileType = sourcecode.swift; path = ImageViewSub.swift; sourceTree = "<group>"; };
		010EA4832952FD39009D8E79 /* Collection.swift */ = {isa = PBXFileReference; lastKnownFileType = sourcecode.swift; path = Collection.swift; sourceTree = "<group>"; };
		010EA486295303A0009D8E79 /* FirstOnBoarding.swift */ = {isa = PBXFileReference; lastKnownFileType = sourcecode.swift; path = FirstOnBoarding.swift; sourceTree = "<group>"; };
		010EA488295303A8009D8E79 /* SecondOnBoarding.swift */ = {isa = PBXFileReference; lastKnownFileType = sourcecode.swift; path = SecondOnBoarding.swift; sourceTree = "<group>"; };
		010EA49029530A16009D8E79 /* StoreManager.swift */ = {isa = PBXFileReference; lastKnownFileType = sourcecode.swift; path = StoreManager.swift; sourceTree = "<group>"; };
		010EA49229530A30009D8E79 /* InAppPurchase.swift */ = {isa = PBXFileReference; lastKnownFileType = sourcecode.swift; path = InAppPurchase.swift; sourceTree = "<group>"; };
		010EA49529530BF2009D8E79 /* Localization.swift */ = {isa = PBXFileReference; lastKnownFileType = sourcecode.swift; path = Localization.swift; sourceTree = "<group>"; };
		010EA49A29532516009D8E79 /* SecondSubOnBoarding.swift */ = {isa = PBXFileReference; lastKnownFileType = sourcecode.swift; path = SecondSubOnBoarding.swift; sourceTree = "<group>"; };
		010EA49C2953251C009D8E79 /* SecondSubOnBoardingUI.swift */ = {isa = PBXFileReference; lastKnownFileType = sourcecode.swift; path = SecondSubOnBoardingUI.swift; sourceTree = "<group>"; };
		010EA49E2953252B009D8E79 /* SecondSubOnBoardingLogic.swift */ = {isa = PBXFileReference; lastKnownFileType = sourcecode.swift; path = SecondSubOnBoardingLogic.swift; sourceTree = "<group>"; };
		010EA4A02953253F009D8E79 /* FirstSubOnBoarding.swift */ = {isa = PBXFileReference; lastKnownFileType = sourcecode.swift; path = FirstSubOnBoarding.swift; sourceTree = "<group>"; };
		010EA4A229532546009D8E79 /* FirstSubOnBoardingUI.swift */ = {isa = PBXFileReference; lastKnownFileType = sourcecode.swift; path = FirstSubOnBoardingUI.swift; sourceTree = "<group>"; };
		010EA4A429532550009D8E79 /* FirstSubOnBoardingLogic.swift */ = {isa = PBXFileReference; lastKnownFileType = sourcecode.swift; path = FirstSubOnBoardingLogic.swift; sourceTree = "<group>"; };
		010EA4A629532C93009D8E79 /* IsFirstLaunch.swift */ = {isa = PBXFileReference; lastKnownFileType = sourcecode.swift; path = IsFirstLaunch.swift; sourceTree = "<group>"; };
		010EA4A829536E37009D8E79 /* FirstSubViewController.swift */ = {isa = PBXFileReference; lastKnownFileType = sourcecode.swift; path = FirstSubViewController.swift; sourceTree = "<group>"; };
		010EA4AA29536E53009D8E79 /* FirstSubViewControllerUI.swift */ = {isa = PBXFileReference; lastKnownFileType = sourcecode.swift; path = FirstSubViewControllerUI.swift; sourceTree = "<group>"; };
		010EA4AC29536E5E009D8E79 /* FirstSubViewControllerLogic.swift */ = {isa = PBXFileReference; lastKnownFileType = sourcecode.swift; path = FirstSubViewControllerLogic.swift; sourceTree = "<group>"; };
		010EA4AE29536E69009D8E79 /* SecondSubViewController.swift */ = {isa = PBXFileReference; lastKnownFileType = sourcecode.swift; path = SecondSubViewController.swift; sourceTree = "<group>"; };
		010EA4B029536E75009D8E79 /* SecondSubViewControllerUI.swift */ = {isa = PBXFileReference; lastKnownFileType = sourcecode.swift; path = SecondSubViewControllerUI.swift; sourceTree = "<group>"; };
		010EA4B229536E7E009D8E79 /* SecondSubViewControllerLogic.swift */ = {isa = PBXFileReference; lastKnownFileType = sourcecode.swift; path = SecondSubViewControllerLogic.swift; sourceTree = "<group>"; };
		010EA4B429538C49009D8E79 /* GoogleService-Info.plist */ = {isa = PBXFileReference; fileEncoding = 4; lastKnownFileType = text.plist.xml; path = "GoogleService-Info.plist"; sourceTree = "<group>"; };
		010EEF202943D30600B140E3 /* TabBarController.swift */ = {isa = PBXFileReference; lastKnownFileType = sourcecode.swift; path = TabBarController.swift; sourceTree = "<group>"; };
		010EEF222943E17600B140E3 /* TabBarSetup.swift */ = {isa = PBXFileReference; lastKnownFileType = sourcecode.swift; path = TabBarSetup.swift; sourceTree = "<group>"; };
		010EEF272943E1E600B140E3 /* WhistleController.swift */ = {isa = PBXFileReference; lastKnownFileType = sourcecode.swift; path = WhistleController.swift; sourceTree = "<group>"; };
		010EEF292943E1EF00B140E3 /* EmotionsController.swift */ = {isa = PBXFileReference; lastKnownFileType = sourcecode.swift; path = EmotionsController.swift; sourceTree = "<group>"; };
		010EEF2B2943E1F400B140E3 /* VoiceController.swift */ = {isa = PBXFileReference; lastKnownFileType = sourcecode.swift; path = VoiceController.swift; sourceTree = "<group>"; };
		010EEF2D2943E79800B140E3 /* UILabel+init.swift */ = {isa = PBXFileReference; lastKnownFileType = sourcecode.swift; path = "UILabel+init.swift"; sourceTree = "<group>"; };
		010EEF2F2943E7A100B140E3 /* UIButton+init.swift */ = {isa = PBXFileReference; lastKnownFileType = sourcecode.swift; path = "UIButton+init.swift"; sourceTree = "<group>"; };
		010EEF312943E7A900B140E3 /* ImageView+init.swift */ = {isa = PBXFileReference; lastKnownFileType = sourcecode.swift; path = "ImageView+init.swift"; sourceTree = "<group>"; };
		010EEF332943E7B600B140E3 /* UIView+init.swift */ = {isa = PBXFileReference; lastKnownFileType = sourcecode.swift; path = "UIView+init.swift"; sourceTree = "<group>"; };
		010EEF362943E7D900B140E3 /* Device+extension.swift */ = {isa = PBXFileReference; lastKnownFileType = sourcecode.swift; path = "Device+extension.swift"; sourceTree = "<group>"; };
		010EEF392943E81A00B140E3 /* AVAudioPlayer+extension.swift */ = {isa = PBXFileReference; lastKnownFileType = sourcecode.swift; path = "AVAudioPlayer+extension.swift"; sourceTree = "<group>"; };
		010EEF3B2943EA0400B140E3 /* VoiceSetUpUI.swift */ = {isa = PBXFileReference; lastKnownFileType = sourcecode.swift; path = VoiceSetUpUI.swift; sourceTree = "<group>"; };
		010EEF3D2943EC1100B140E3 /* WhistleSetUpUI.swift */ = {isa = PBXFileReference; lastKnownFileType = sourcecode.swift; path = WhistleSetUpUI.swift; sourceTree = "<group>"; };
		010EEF3F2943EC1B00B140E3 /* EmotionsSetUpUI.swift */ = {isa = PBXFileReference; lastKnownFileType = sourcecode.swift; path = EmotionsSetUpUI.swift; sourceTree = "<group>"; };
		010EEF422944029D00B140E3 /* ToneOutputUnit.swift */ = {isa = PBXFileReference; lastKnownFileType = sourcecode.swift; path = ToneOutputUnit.swift; sourceTree = "<group>"; };
		010EEF4629440DEC00B140E3 /* WhistleSetUpLogic.swift */ = {isa = PBXFileReference; lastKnownFileType = sourcecode.swift; path = WhistleSetUpLogic.swift; sourceTree = "<group>"; };
		010EEF48294466E700B140E3 /* VoiceSetUpLogic.swift */ = {isa = PBXFileReference; lastKnownFileType = sourcecode.swift; path = VoiceSetUpLogic.swift; sourceTree = "<group>"; };
		010EEF4A294485F200B140E3 /* DogCell.swift */ = {isa = PBXFileReference; lastKnownFileType = sourcecode.swift; path = DogCell.swift; sourceTree = "<group>"; };
		010EEF4C2944EA9B00B140E3 /* EmotionsSetUpLogic.swift */ = {isa = PBXFileReference; lastKnownFileType = sourcecode.swift; path = EmotionsSetUpLogic.swift; sourceTree = "<group>"; };
		01196C8129466B0C00A23B6B /* UIImageView+BlurEffect.swift */ = {isa = PBXFileReference; lastKnownFileType = sourcecode.swift; path = "UIImageView+BlurEffect.swift"; sourceTree = "<group>"; };
		01196C8329466D0D00A23B6B /* PopUpDogResultController.swift */ = {isa = PBXFileReference; lastKnownFileType = sourcecode.swift; path = PopUpDogResultController.swift; sourceTree = "<group>"; };
		01196C862946759100A23B6B /* DogHousePopUp.swift */ = {isa = PBXFileReference; lastKnownFileType = sourcecode.swift; path = DogHousePopUp.swift; sourceTree = "<group>"; };
		01196C8829471F7500A23B6B /* 54610-microphone-recording.json */ = {isa = PBXFileReference; fileEncoding = 4; lastKnownFileType = text.json; path = "54610-microphone-recording.json"; sourceTree = "<group>"; };
		012EDD46294B60D000D6B722 /* SettingController.swift */ = {isa = PBXFileReference; lastKnownFileType = sourcecode.swift; path = SettingController.swift; sourceTree = "<group>"; };
		012EDD48294B610900D6B722 /* SettingTableViewCell.swift */ = {isa = PBXFileReference; lastKnownFileType = sourcecode.swift; path = SettingTableViewCell.swift; sourceTree = "<group>"; };
		012EDD4A294B64C500D6B722 /* SettingTableViewExtension.swift */ = {isa = PBXFileReference; lastKnownFileType = sourcecode.swift; path = SettingTableViewExtension.swift; sourceTree = "<group>"; };
		012EDD4C294B6E4D00D6B722 /* SettingSetUpUi.swift */ = {isa = PBXFileReference; lastKnownFileType = sourcecode.swift; path = SettingSetUpUi.swift; sourceTree = "<group>"; };
		0131A7F62959EC8D002E3121 /* StoreKit.framework */ = {isa = PBXFileReference; lastKnownFileType = wrapper.framework; name = StoreKit.framework; path = System/Library/Frameworks/StoreKit.framework; sourceTree = SDKROOT; };
		0131A7FB295A5B33002E3121 /* en */ = {isa = PBXFileReference; lastKnownFileType = text.plist.strings; name = en; path = en.lproj/InfoPlist.strings; sourceTree = "<group>"; };
		0131A7FD295A622B002E3121 /* FAQController.swift */ = {isa = PBXFileReference; lastKnownFileType = sourcecode.swift; path = FAQController.swift; sourceTree = "<group>"; };
		014622ED29F1015100C82036 /* congrats.json */ = {isa = PBXFileReference; fileEncoding = 4; lastKnownFileType = text.json; path = congrats.json; sourceTree = "<group>"; };
		014622EF29F10B5200C82036 /* open.mp3 */ = {isa = PBXFileReference; lastKnownFileType = audio.mp3; path = open.mp3; sourceTree = "<group>"; };
		014622F129F10B5800C82036 /* match.mp3 */ = {isa = PBXFileReference; lastKnownFileType = audio.mp3; path = match.mp3; sourceTree = "<group>"; };
		0147ABD32987E8AE0085B65C /* microphone.json */ = {isa = PBXFileReference; fileEncoding = 4; lastKnownFileType = text.json; path = microphone.json; sourceTree = "<group>"; };
		0147ABD5298808220085B65C /* index1PopUp.swift */ = {isa = PBXFileReference; lastKnownFileType = sourcecode.swift; path = index1PopUp.swift; sourceTree = "<group>"; };
		0147ABD729881F520085B65C /* 11.mp3 */ = {isa = PBXFileReference; lastKnownFileType = audio.mp3; path = 11.mp3; sourceTree = "<group>"; };
		0147ABFF29885C9A0085B65C /* 51.mp3 */ = {isa = PBXFileReference; lastKnownFileType = audio.mp3; path = 51.mp3; sourceTree = "<group>"; };
		0147AC0129885C9A0085B65C /* 53.mp3 */ = {isa = PBXFileReference; lastKnownFileType = audio.mp3; path = 53.mp3; sourceTree = "<group>"; };
		0147AC0329885C9B0085B65C /* 116.mp3 */ = {isa = PBXFileReference; lastKnownFileType = audio.mp3; path = 116.mp3; sourceTree = "<group>"; };
		0147AC0529885C9B0085B65C /* 122.mp3 */ = {isa = PBXFileReference; lastKnownFileType = audio.mp3; path = 122.mp3; sourceTree = "<group>"; };
		0147AC0629885C9B0085B65C /* 42.mp3 */ = {isa = PBXFileReference; lastKnownFileType = audio.mp3; path = 42.mp3; sourceTree = "<group>"; };
		0147AC0829885C9C0085B65C /* 52.mp3 */ = {isa = PBXFileReference; lastKnownFileType = audio.mp3; path = 52.mp3; sourceTree = "<group>"; };
		0147AC0929885C9C0085B65C /* 43.mp3 */ = {isa = PBXFileReference; lastKnownFileType = audio.mp3; path = 43.mp3; sourceTree = "<group>"; };
		0147AC0A29885C9C0085B65C /* 128.mp3 */ = {isa = PBXFileReference; lastKnownFileType = audio.mp3; path = 128.mp3; sourceTree = "<group>"; };
		0147AC0B29885C9D0085B65C /* 50.mp3 */ = {isa = PBXFileReference; lastKnownFileType = audio.mp3; path = 50.mp3; sourceTree = "<group>"; };
		0147AC0C29885C9D0085B65C /* 110.mp3 */ = {isa = PBXFileReference; lastKnownFileType = audio.mp3; path = 110.mp3; sourceTree = "<group>"; };
		0147AC0D29885C9D0085B65C /* 118.mp3 */ = {isa = PBXFileReference; lastKnownFileType = audio.mp3; path = 118.mp3; sourceTree = "<group>"; };
		0147AC0E29885C9D0085B65C /* 117.mp3 */ = {isa = PBXFileReference; lastKnownFileType = audio.mp3; path = 117.mp3; sourceTree = "<group>"; };
		0147AC1229885C9E0085B65C /* 44.mp3 */ = {isa = PBXFileReference; lastKnownFileType = audio.mp3; path = 44.mp3; sourceTree = "<group>"; };
		0147AC1329885C9F0085B65C /* 126.mp3 */ = {isa = PBXFileReference; lastKnownFileType = audio.mp3; path = 126.mp3; sourceTree = "<group>"; };
		0147AC1429885C9F0085B65C /* 32.mp3 */ = {isa = PBXFileReference; lastKnownFileType = audio.mp3; path = 32.mp3; sourceTree = "<group>"; };
		0147AC1629885C9F0085B65C /* 125.mp3 */ = {isa = PBXFileReference; lastKnownFileType = audio.mp3; path = 125.mp3; sourceTree = "<group>"; };
		0147AC1729885CA00085B65C /* 119.mp3 */ = {isa = PBXFileReference; lastKnownFileType = audio.mp3; path = 119.mp3; sourceTree = "<group>"; };
		0147AC1829885CA00085B65C /* 121.mp3 */ = {isa = PBXFileReference; lastKnownFileType = audio.mp3; path = 121.mp3; sourceTree = "<group>"; };
		0147AC1929885CA00085B65C /* 58.mp3 */ = {isa = PBXFileReference; lastKnownFileType = audio.mp3; path = 58.mp3; sourceTree = "<group>"; };
		0147AC1A29885CA00085B65C /* 111.mp3 */ = {isa = PBXFileReference; lastKnownFileType = audio.mp3; path = 111.mp3; sourceTree = "<group>"; };
		0147AC1C29885CA10085B65C /* 45.mp3 */ = {isa = PBXFileReference; lastKnownFileType = audio.mp3; path = 45.mp3; sourceTree = "<group>"; };
		0147AC1D29885CA10085B65C /* 35.mp3 */ = {isa = PBXFileReference; lastKnownFileType = audio.mp3; path = 35.mp3; sourceTree = "<group>"; };
		0147AC1E29885CA10085B65C /* 38.mp3 */ = {isa = PBXFileReference; lastKnownFileType = audio.mp3; path = 38.mp3; sourceTree = "<group>"; };
		0147AC1F29885CA10085B65C /* 36.mp3 */ = {isa = PBXFileReference; lastKnownFileType = audio.mp3; path = 36.mp3; sourceTree = "<group>"; };
		0147AC2029885CA20085B65C /* 40.mp3 */ = {isa = PBXFileReference; lastKnownFileType = audio.mp3; path = 40.mp3; sourceTree = "<group>"; };
		0147AC2129885CA20085B65C /* 129.mp3 */ = {isa = PBXFileReference; lastKnownFileType = audio.mp3; path = 129.mp3; sourceTree = "<group>"; };
		0147AC2229885CA20085B65C /* 123.mp3 */ = {isa = PBXFileReference; lastKnownFileType = audio.mp3; path = 123.mp3; sourceTree = "<group>"; };
		0147AC2329885CA20085B65C /* 39.mp3 */ = {isa = PBXFileReference; lastKnownFileType = audio.mp3; path = 39.mp3; sourceTree = "<group>"; };
		0147AC2529885CA30085B65C /* 112.mp3 */ = {isa = PBXFileReference; lastKnownFileType = audio.mp3; path = 112.mp3; sourceTree = "<group>"; };
		0147AC2729885CA30085B65C /* 120.mp3 */ = {isa = PBXFileReference; lastKnownFileType = audio.mp3; path = 120.mp3; sourceTree = "<group>"; };
		0147AC2829885CA30085B65C /* 113.mp3 */ = {isa = PBXFileReference; lastKnownFileType = audio.mp3; path = 113.mp3; sourceTree = "<group>"; };
		0147AC2B29885CA40085B65C /* 46.mp3 */ = {isa = PBXFileReference; lastKnownFileType = audio.mp3; path = 46.mp3; sourceTree = "<group>"; };
		0147AC2C29885CA40085B65C /* 115.mp3 */ = {isa = PBXFileReference; lastKnownFileType = audio.mp3; path = 115.mp3; sourceTree = "<group>"; };
		0147AC2E29885CA50085B65C /* 114.mp3 */ = {isa = PBXFileReference; lastKnownFileType = audio.mp3; path = 114.mp3; sourceTree = "<group>"; };
		0147AC2F29885CA50085B65C /* 41.mp3 */ = {isa = PBXFileReference; lastKnownFileType = audio.mp3; path = 41.mp3; sourceTree = "<group>"; };
		0147AC61298864E70085B65C /* RateUS.swift */ = {isa = PBXFileReference; lastKnownFileType = sourcecode.swift; path = RateUS.swift; sourceTree = "<group>"; };
		017448C929D6D09300ECE743 /* WhisteAlert.swift */ = {isa = PBXFileReference; lastKnownFileType = sourcecode.swift; path = WhisteAlert.swift; sourceTree = "<group>"; };
		0178591B29E54637001D2D21 /* Card.swift */ = {isa = PBXFileReference; lastKnownFileType = sourcecode.swift; path = Card.swift; sourceTree = "<group>"; };
		0178591D29E54647001D2D21 /* CardModel.swift */ = {isa = PBXFileReference; lastKnownFileType = sourcecode.swift; path = CardModel.swift; sourceTree = "<group>"; };
		0178591F29E54662001D2D21 /* NewCardGame.swift */ = {isa = PBXFileReference; lastKnownFileType = sourcecode.swift; path = NewCardGame.swift; sourceTree = "<group>"; };
		0178592129E54672001D2D21 /* GameControllre.swift */ = {isa = PBXFileReference; lastKnownFileType = sourcecode.swift; path = GameControllre.swift; sourceTree = "<group>"; };
		0178592329E54681001D2D21 /* GameLogic.swift */ = {isa = PBXFileReference; lastKnownFileType = sourcecode.swift; path = GameLogic.swift; sourceTree = "<group>"; };
		0178592529E5468F001D2D21 /* CardCell.swift */ = {isa = PBXFileReference; lastKnownFileType = sourcecode.swift; path = CardCell.swift; sourceTree = "<group>"; };
		0178592729E5469F001D2D21 /* LevelControllre.swift */ = {isa = PBXFileReference; lastKnownFileType = sourcecode.swift; path = LevelControllre.swift; sourceTree = "<group>"; };
		0178592C29E679B6001D2D21 /* BlogViewController.swift */ = {isa = PBXFileReference; lastKnownFileType = sourcecode.swift; path = BlogViewController.swift; sourceTree = "<group>"; };
		0178592E29E6A306001D2D21 /* BlogCell.swift */ = {isa = PBXFileReference; lastKnownFileType = sourcecode.swift; path = BlogCell.swift; sourceTree = "<group>"; };
		0178593029E6B5A8001D2D21 /* BlogUI.swift */ = {isa = PBXFileReference; lastKnownFileType = sourcecode.swift; path = BlogUI.swift; sourceTree = "<group>"; };
		0178593229E6BCF2001D2D21 /* BlogSetupCollection.swift */ = {isa = PBXFileReference; lastKnownFileType = sourcecode.swift; path = BlogSetupCollection.swift; sourceTree = "<group>"; };
		0178593429E71215001D2D21 /* BlogAction.swift */ = {isa = PBXFileReference; lastKnownFileType = sourcecode.swift; path = BlogAction.swift; sourceTree = "<group>"; };
		0185700429954C4200BDE414 /* zh-HK */ = {isa = PBXFileReference; lastKnownFileType = text.plist.strings; name = "zh-HK"; path = "zh-HK.lproj/Localizable.strings"; sourceTree = "<group>"; };
		0185700529954C4200BDE414 /* zh-HK */ = {isa = PBXFileReference; lastKnownFileType = text.plist.strings; name = "zh-HK"; path = "zh-HK.lproj/InfoPlist.strings"; sourceTree = "<group>"; };
		0185700629954C4B00BDE414 /* zh-Hans */ = {isa = PBXFileReference; lastKnownFileType = text.plist.strings; name = "zh-Hans"; path = "zh-Hans.lproj/Localizable.strings"; sourceTree = "<group>"; };
		0185700729954C4B00BDE414 /* zh-Hans */ = {isa = PBXFileReference; lastKnownFileType = text.plist.strings; name = "zh-Hans"; path = "zh-Hans.lproj/InfoPlist.strings"; sourceTree = "<group>"; };
		0185700829954C5100BDE414 /* zh-Hant */ = {isa = PBXFileReference; lastKnownFileType = text.plist.strings; name = "zh-Hant"; path = "zh-Hant.lproj/Localizable.strings"; sourceTree = "<group>"; };
		0185700929954C5100BDE414 /* zh-Hant */ = {isa = PBXFileReference; lastKnownFileType = text.plist.strings; name = "zh-Hant"; path = "zh-Hant.lproj/InfoPlist.strings"; sourceTree = "<group>"; };
		0185700A2995666A00BDE414 /* de */ = {isa = PBXFileReference; lastKnownFileType = text.plist.strings; name = de; path = de.lproj/Localizable.strings; sourceTree = "<group>"; };
		0185700B2995666A00BDE414 /* de */ = {isa = PBXFileReference; lastKnownFileType = text.plist.strings; name = de; path = de.lproj/InfoPlist.strings; sourceTree = "<group>"; };
		0185700C299566A600BDE414 /* fr */ = {isa = PBXFileReference; lastKnownFileType = text.plist.strings; name = fr; path = fr.lproj/Localizable.strings; sourceTree = "<group>"; };
		0185700D299566A600BDE414 /* fr */ = {isa = PBXFileReference; lastKnownFileType = text.plist.strings; name = fr; path = fr.lproj/InfoPlist.strings; sourceTree = "<group>"; };
		0185700E2995670700BDE414 /* it */ = {isa = PBXFileReference; lastKnownFileType = text.plist.strings; name = it; path = it.lproj/Localizable.strings; sourceTree = "<group>"; };
		0185700F2995670800BDE414 /* it */ = {isa = PBXFileReference; lastKnownFileType = text.plist.strings; name = it; path = it.lproj/InfoPlist.strings; sourceTree = "<group>"; };
		018570102995673E00BDE414 /* ja */ = {isa = PBXFileReference; lastKnownFileType = text.plist.strings; name = ja; path = ja.lproj/Localizable.strings; sourceTree = "<group>"; };
		018570112995673E00BDE414 /* ja */ = {isa = PBXFileReference; lastKnownFileType = text.plist.strings; name = ja; path = ja.lproj/InfoPlist.strings; sourceTree = "<group>"; };
		018570122995675D00BDE414 /* ar */ = {isa = PBXFileReference; lastKnownFileType = text.plist.strings; name = ar; path = ar.lproj/Localizable.strings; sourceTree = "<group>"; };
		018570132995675D00BDE414 /* ar */ = {isa = PBXFileReference; lastKnownFileType = text.plist.strings; name = ar; path = ar.lproj/InfoPlist.strings; sourceTree = "<group>"; };
		01857014299567AC00BDE414 /* pt-BR */ = {isa = PBXFileReference; lastKnownFileType = text.plist.strings; name = "pt-BR"; path = "pt-BR.lproj/Localizable.strings"; sourceTree = "<group>"; };
		01857015299567AC00BDE414 /* pt-BR */ = {isa = PBXFileReference; lastKnownFileType = text.plist.strings; name = "pt-BR"; path = "pt-BR.lproj/InfoPlist.strings"; sourceTree = "<group>"; };
		01857016299567B600BDE414 /* pt-PT */ = {isa = PBXFileReference; lastKnownFileType = text.plist.strings; name = "pt-PT"; path = "pt-PT.lproj/Localizable.strings"; sourceTree = "<group>"; };
		01857017299567B600BDE414 /* pt-PT */ = {isa = PBXFileReference; lastKnownFileType = text.plist.strings; name = "pt-PT"; path = "pt-PT.lproj/InfoPlist.strings"; sourceTree = "<group>"; };
		01857018299567FB00BDE414 /* ko */ = {isa = PBXFileReference; lastKnownFileType = text.plist.strings; name = ko; path = ko.lproj/Localizable.strings; sourceTree = "<group>"; };
		01857019299567FB00BDE414 /* ko */ = {isa = PBXFileReference; lastKnownFileType = text.plist.strings; name = ko; path = ko.lproj/InfoPlist.strings; sourceTree = "<group>"; };
		0185701A2995683400BDE414 /* es */ = {isa = PBXFileReference; lastKnownFileType = text.plist.strings; name = es; path = es.lproj/Localizable.strings; sourceTree = "<group>"; };
		0185701B2995683400BDE414 /* es */ = {isa = PBXFileReference; lastKnownFileType = text.plist.strings; name = es; path = es.lproj/InfoPlist.strings; sourceTree = "<group>"; };
		0185701C2995683A00BDE414 /* es-419 */ = {isa = PBXFileReference; lastKnownFileType = text.plist.strings; name = "es-419"; path = "es-419.lproj/Localizable.strings"; sourceTree = "<group>"; };
		0185701D2995683A00BDE414 /* es-419 */ = {isa = PBXFileReference; lastKnownFileType = text.plist.strings; name = "es-419"; path = "es-419.lproj/InfoPlist.strings"; sourceTree = "<group>"; };
		0185701E2995685900BDE414 /* tr */ = {isa = PBXFileReference; lastKnownFileType = text.plist.strings; name = tr; path = tr.lproj/Localizable.strings; sourceTree = "<group>"; };
		0185701F2995685A00BDE414 /* tr */ = {isa = PBXFileReference; lastKnownFileType = text.plist.strings; name = tr; path = tr.lproj/InfoPlist.strings; sourceTree = "<group>"; };
		018570202995689900BDE414 /* vi */ = {isa = PBXFileReference; lastKnownFileType = text.plist.strings; name = vi; path = vi.lproj/Localizable.strings; sourceTree = "<group>"; };
		018570212995689900BDE414 /* vi */ = {isa = PBXFileReference; lastKnownFileType = text.plist.strings; name = vi; path = vi.lproj/InfoPlist.strings; sourceTree = "<group>"; };
		019366B9295ECF9F00800A04 /* 6.mp3 */ = {isa = PBXFileReference; lastKnownFileType = audio.mp3; path = 6.mp3; sourceTree = "<group>"; };
		01A2872D2946383100CC3AE8 /* Recorder+extension.swift */ = {isa = PBXFileReference; lastKnownFileType = sourcecode.swift; path = "Recorder+extension.swift"; sourceTree = "<group>"; };
		01A2872F294638ED00CC3AE8 /* RecorderVoiceController.swift */ = {isa = PBXFileReference; lastKnownFileType = sourcecode.swift; path = RecorderVoiceController.swift; sourceTree = "<group>"; };
		01A2873229463ED400CC3AE8 /* stars.json */ = {isa = PBXFileReference; fileEncoding = 4; lastKnownFileType = text.json; path = stars.json; sourceTree = "<group>"; };
		01A2873329463ED400CC3AE8 /* dog.json */ = {isa = PBXFileReference; fileEncoding = 4; lastKnownFileType = text.json; path = dog.json; sourceTree = "<group>"; };
		01B4BAEF297150AE001F6D3A /* AlertPermission.swift */ = {isa = PBXFileReference; lastKnownFileType = sourcecode.swift; path = AlertPermission.swift; sourceTree = "<group>"; };
		01D1B9602958B4E70033F209 /* Transition.swift */ = {isa = PBXFileReference; lastKnownFileType = sourcecode.swift; path = Transition.swift; sourceTree = "<group>"; };
		01D1B9622958B7C10033F209 /* ImageAlert.swift */ = {isa = PBXFileReference; lastKnownFileType = sourcecode.swift; path = ImageAlert.swift; sourceTree = "<group>"; };
		01D1B9642959D2360033F209 /* RemoteConfig.swift */ = {isa = PBXFileReference; lastKnownFileType = sourcecode.swift; path = RemoteConfig.swift; sourceTree = "<group>"; };
		01D1B9692959DD800033F209 /* en */ = {isa = PBXFileReference; lastKnownFileType = text.plist.strings; name = en; path = en.lproj/Localizable.strings; sourceTree = "<group>"; };
		01DAA669296F13FA00325A68 /* ru */ = {isa = PBXFileReference; lastKnownFileType = text.plist.strings; name = ru; path = ru.lproj/Localizable.strings; sourceTree = "<group>"; };
		01DAA66A296F13FA00325A68 /* ru */ = {isa = PBXFileReference; lastKnownFileType = text.plist.strings; name = ru; path = ru.lproj/InfoPlist.strings; sourceTree = "<group>"; };
		01DAEC7F294E3E3400E9EED2 /* PopUpController.swift */ = {isa = PBXFileReference; lastKnownFileType = sourcecode.swift; path = PopUpController.swift; sourceTree = "<group>"; };
		01F8936C293BFDB10087AD3C /* dogTranslator.app */ = {isa = PBXFileReference; explicitFileType = wrapper.application; includeInIndex = 0; path = dogTranslator.app; sourceTree = BUILT_PRODUCTS_DIR; };
		01F8936F293BFDB10087AD3C /* AppDelegate.swift */ = {isa = PBXFileReference; lastKnownFileType = sourcecode.swift; path = AppDelegate.swift; sourceTree = "<group>"; };
		01F89378293BFDB20087AD3C /* Assets.xcassets */ = {isa = PBXFileReference; lastKnownFileType = folder.assetcatalog; path = Assets.xcassets; sourceTree = "<group>"; };
		01F8937B293BFDB20087AD3C /* Base */ = {isa = PBXFileReference; lastKnownFileType = file.storyboard; name = Base; path = Base.lproj/LaunchScreen.storyboard; sourceTree = "<group>"; };
		01F8937D293BFDB20087AD3C /* Info.plist */ = {isa = PBXFileReference; lastKnownFileType = text.plist.xml; path = Info.plist; sourceTree = "<group>"; };
		01FFC4F1295DA53A00D96F7E /* 5.mp3 */ = {isa = PBXFileReference; lastKnownFileType = audio.mp3; path = 5.mp3; sourceTree = "<group>"; };
		01FFC4F2295DA53A00D96F7E /* 3.mp3 */ = {isa = PBXFileReference; lastKnownFileType = audio.mp3; path = 3.mp3; sourceTree = "<group>"; };
		01FFC4F3295DA53A00D96F7E /* 13.mp3 */ = {isa = PBXFileReference; lastKnownFileType = audio.mp3; path = 13.mp3; sourceTree = "<group>"; };
		01FFC4F4295DA53B00D96F7E /* 14.mp3 */ = {isa = PBXFileReference; lastKnownFileType = audio.mp3; path = 14.mp3; sourceTree = "<group>"; };
		01FFC4F5295DA53B00D96F7E /* 19.mp3 */ = {isa = PBXFileReference; lastKnownFileType = audio.mp3; path = 19.mp3; sourceTree = "<group>"; };
		01FFC4F6295DA53B00D96F7E /* 12.mp3 */ = {isa = PBXFileReference; lastKnownFileType = audio.mp3; path = 12.mp3; sourceTree = "<group>"; };
		01FFC4F7295DA53B00D96F7E /* 2.mp3 */ = {isa = PBXFileReference; lastKnownFileType = audio.mp3; path = 2.mp3; sourceTree = "<group>"; };
		01FFC4F8295DA53C00D96F7E /* 22.mp3 */ = {isa = PBXFileReference; lastKnownFileType = audio.mp3; path = 22.mp3; sourceTree = "<group>"; };
		01FFC4F9295DA53C00D96F7E /* 16.mp3 */ = {isa = PBXFileReference; lastKnownFileType = audio.mp3; path = 16.mp3; sourceTree = "<group>"; };
		01FFC4FA295DA53C00D96F7E /* 1.mp3 */ = {isa = PBXFileReference; lastKnownFileType = audio.mp3; path = 1.mp3; sourceTree = "<group>"; };
		01FFC4FB295DA53C00D96F7E /* 7.mp3 */ = {isa = PBXFileReference; lastKnownFileType = audio.mp3; path = 7.mp3; sourceTree = "<group>"; };
		01FFC4FC295DA53C00D96F7E /* 24.mp3 */ = {isa = PBXFileReference; lastKnownFileType = audio.mp3; path = 24.mp3; sourceTree = "<group>"; };
		01FFC4FD295DA53D00D96F7E /* 15.mp3 */ = {isa = PBXFileReference; lastKnownFileType = audio.mp3; path = 15.mp3; sourceTree = "<group>"; };
		01FFC4FE295DA53D00D96F7E /* 4.mp3 */ = {isa = PBXFileReference; lastKnownFileType = audio.mp3; path = 4.mp3; sourceTree = "<group>"; };
		01FFC4FF295DA53D00D96F7E /* 8.mp3 */ = {isa = PBXFileReference; lastKnownFileType = audio.mp3; path = 8.mp3; sourceTree = "<group>"; };
		01FFC500295DA53D00D96F7E /* 17.mp3 */ = {isa = PBXFileReference; lastKnownFileType = audio.mp3; path = 17.mp3; sourceTree = "<group>"; };
		01FFC501295DA53E00D96F7E /* 20.mp3 */ = {isa = PBXFileReference; lastKnownFileType = audio.mp3; path = 20.mp3; sourceTree = "<group>"; };
		01FFC502295DA53E00D96F7E /* 23.mp3 */ = {isa = PBXFileReference; lastKnownFileType = audio.mp3; path = 23.mp3; sourceTree = "<group>"; };
		01FFC503295DA53E00D96F7E /* 21.mp3 */ = {isa = PBXFileReference; lastKnownFileType = audio.mp3; path = 21.mp3; sourceTree = "<group>"; };
		01FFC505295DA53E00D96F7E /* 10.mp3 */ = {isa = PBXFileReference; lastKnownFileType = audio.mp3; path = 10.mp3; sourceTree = "<group>"; };
		01FFC507295DA53F00D96F7E /* 18.mp3 */ = {isa = PBXFileReference; lastKnownFileType = audio.mp3; path = 18.mp3; sourceTree = "<group>"; };
		01FFC508295DA53F00D96F7E /* 9.mp3 */ = {isa = PBXFileReference; lastKnownFileType = audio.mp3; path = 9.mp3; sourceTree = "<group>"; };
		41927CCFA456EA1BCA43EBF0 /* Pods_dogTranslator.framework */ = {isa = PBXFileReference; explicitFileType = wrapper.framework; includeInIndex = 0; path = Pods_dogTranslator.framework; sourceTree = BUILT_PRODUCTS_DIR; };
		690F0333DBF35E2383C07356 /* Pods-dogTranslator.release.xcconfig */ = {isa = PBXFileReference; includeInIndex = 1; lastKnownFileType = text.xcconfig; name = "Pods-dogTranslator.release.xcconfig"; path = "Target Support Files/Pods-dogTranslator/Pods-dogTranslator.release.xcconfig"; sourceTree = "<group>"; };
		B3D398D23C25E8033E3BC21F /* Pods-dogTranslator.debug.xcconfig */ = {isa = PBXFileReference; includeInIndex = 1; lastKnownFileType = text.xcconfig; name = "Pods-dogTranslator.debug.xcconfig"; path = "Target Support Files/Pods-dogTranslator/Pods-dogTranslator.debug.xcconfig"; sourceTree = "<group>"; };
/* End PBXFileReference section */

/* Begin PBXFrameworksBuildPhase section */
		01F89369293BFDB10087AD3C /* Frameworks */ = {
			isa = PBXFrameworksBuildPhase;
			buildActionMask = 2147483647;
			files = (
				A3DA253C2D1239D1D9ED9A38 /* Pods_dogTranslator.framework in Frameworks */,
				0131A7F72959EC8D002E3121 /* StoreKit.framework in Frameworks */,
			);
			runOnlyForDeploymentPostprocessing = 0;
		};
/* End PBXFrameworksBuildPhase section */

/* Begin PBXGroup section */
		010EA47C2952FCC3009D8E79 /* UIForOnBoard */ = {
			isa = PBXGroup;
			children = (
				010EA47D2952FCD1009D8E79 /* LabelSub.swift */,
				010EA47F2952FCE7009D8E79 /* ViewSub.swift */,
				010EA4812952FD0C009D8E79 /* ImageViewSub.swift */,
				010EA4832952FD39009D8E79 /* Collection.swift */,
			);
			path = UIForOnBoard;
			sourceTree = "<group>";
		};
		010EA48529530390009D8E79 /* Slide */ = {
			isa = PBXGroup;
			children = (
				010EA486295303A0009D8E79 /* FirstOnBoarding.swift */,
				010EA488295303A8009D8E79 /* SecondOnBoarding.swift */,
			);
			path = Slide;
			sourceTree = "<group>";
		};
		010EA48C295308D9009D8E79 /* Subscriptions */ = {
			isa = PBXGroup;
			children = (
				010EA48E295308ED009D8E79 /* Second */,
				010EA48D295308E6009D8E79 /* First */,
			);
			path = Subscriptions;
			sourceTree = "<group>";
		};
		010EA48D295308E6009D8E79 /* First */ = {
			isa = PBXGroup;
			children = (
				010EA4A829536E37009D8E79 /* FirstSubViewController.swift */,
				010EA4AA29536E53009D8E79 /* FirstSubViewControllerUI.swift */,
				010EA4AC29536E5E009D8E79 /* FirstSubViewControllerLogic.swift */,
			);
			path = First;
			sourceTree = "<group>";
		};
		010EA48E295308ED009D8E79 /* Second */ = {
			isa = PBXGroup;
			children = (
				010EA4AE29536E69009D8E79 /* SecondSubViewController.swift */,
				010EA4B029536E75009D8E79 /* SecondSubViewControllerUI.swift */,
				010EA4B229536E7E009D8E79 /* SecondSubViewControllerLogic.swift */,
			);
			path = Second;
			sourceTree = "<group>";
		};
		010EA48F29530A00009D8E79 /* Payment */ = {
			isa = PBXGroup;
			children = (
				010EA49029530A16009D8E79 /* StoreManager.swift */,
				010EA49229530A30009D8E79 /* InAppPurchase.swift */,
			);
			path = Payment;
			sourceTree = "<group>";
		};
		010EA49429530BE6009D8E79 /* Localization */ = {
			isa = PBXGroup;
			children = (
				010EA49529530BF2009D8E79 /* Localization.swift */,
				01D1B96A2959DD800033F209 /* Localizable.strings */,
				0131A7FC295A5B33002E3121 /* InfoPlist.strings */,
			);
			path = Localization;
			sourceTree = "<group>";
		};
		010EA497295324DE009D8E79 /* Sub */ = {
			isa = PBXGroup;
			children = (
				010EA499295324F7009D8E79 /* SecondSubOnBoarding */,
				010EA498295324E6009D8E79 /* FirstSubOnBoarding */,
			);
			path = Sub;
			sourceTree = "<group>";
		};
		010EA498295324E6009D8E79 /* FirstSubOnBoarding */ = {
			isa = PBXGroup;
			children = (
				010EA4A02953253F009D8E79 /* FirstSubOnBoarding.swift */,
				010EA4A229532546009D8E79 /* FirstSubOnBoardingUI.swift */,
				010EA4A429532550009D8E79 /* FirstSubOnBoardingLogic.swift */,
			);
			path = FirstSubOnBoarding;
			sourceTree = "<group>";
		};
		010EA499295324F7009D8E79 /* SecondSubOnBoarding */ = {
			isa = PBXGroup;
			children = (
				010EA49A29532516009D8E79 /* SecondSubOnBoarding.swift */,
				010EA49C2953251C009D8E79 /* SecondSubOnBoardingUI.swift */,
				010EA49E2953252B009D8E79 /* SecondSubOnBoardingLogic.swift */,
			);
			path = SecondSubOnBoarding;
			sourceTree = "<group>";
		};
		010EEF182943D0E700B140E3 /* Support Files */ = {
			isa = PBXGroup;
			children = (
				014622EF29F10B5200C82036 /* open.mp3 */,
				014622F129F10B5800C82036 /* match.mp3 */,
				01D1B95F2958B4DC0033F209 /* Transition */,
				01A2873129463EC200CC3AE8 /* Lottie */,
				01A2872C2946381500CC3AE8 /* Recorder */,
				010EEF412944028F00B140E3 /* ToneOutput */,
				010EEF382943E80500B140E3 /* AVAudioPlayer+extension */,
				010EEF352943E7C900B140E3 /* Device+extension */,
				01B4BAF1297150B7001F6D3A /* Alert */,
				01F8936F293BFDB10087AD3C /* AppDelegate.swift */,
				010EA4782951BF17009D8E79 /* DelegateExtension.swift */,
				014622ED29F1015100C82036 /* congrats.json */,
				01F8937A293BFDB20087AD3C /* LaunchScreen.storyboard */,
				010EA4B429538C49009D8E79 /* GoogleService-Info.plist */,
				010EA4A629532C93009D8E79 /* IsFirstLaunch.swift */,
			);
			path = "Support Files";
			sourceTree = "<group>";
		};
		010EEF192943D0F900B140E3 /* UI Extension */ = {
			isa = PBXGroup;
			children = (
				010EEF2D2943E79800B140E3 /* UILabel+init.swift */,
				010EEF2F2943E7A100B140E3 /* UIButton+init.swift */,
				010EEF312943E7A900B140E3 /* ImageView+init.swift */,
				010EEF332943E7B600B140E3 /* UIView+init.swift */,
				01196C8129466B0C00A23B6B /* UIImageView+BlurEffect.swift */,
			);
			path = "UI Extension";
			sourceTree = "<group>";
		};
		010EEF1A2943D11B00B140E3 /* Sounds */ = {
			isa = PBXGroup;
			children = (
				019366AC295ECF6800800A04 /* voiceSounds */,
				019366AB295ECF4B00800A04 /* emotionsSounds */,
			);
			path = Sounds;
			sourceTree = "<group>";
		};
		010EEF1B2943D18400B140E3 /* Config */ = {
			isa = PBXGroup;
			children = (
				01D1B9642959D2360033F209 /* RemoteConfig.swift */,
			);
			path = Config;
			sourceTree = "<group>";
		};
		010EEF1C2943D1FC00B140E3 /* OnBoarding */ = {
			isa = PBXGroup;
			children = (
				010EA497295324DE009D8E79 /* Sub */,
				010EA48529530390009D8E79 /* Slide */,
				010EA47C2952FCC3009D8E79 /* UIForOnBoard */,
				010EA47A2952FC36009D8E79 /* OnBoardingController.swift */,
			);
			path = OnBoarding;
			sourceTree = "<group>";
		};
		010EEF1E2943D22300B140E3 /* ViewControllers */ = {
			isa = PBXGroup;
			children = (
				0178592B29E679A9001D2D21 /* Blog */,
				0178591A29E5461D001D2D21 /* Game */,
				010EA48C295308D9009D8E79 /* Subscriptions */,
				012EDD45294B60C100D6B722 /* SettingController */,
				01196C852946742500A23B6B /* PopUpControllers */,
				010EEF262943E1C600B140E3 /* WhistleController */,
				010EEF252943E1B700B140E3 /* EmotionsController */,
				010EEF242943E1A000B140E3 /* VoiceController */,
				010EEF1F2943D2F600B140E3 /* TabBarController */,
			);
			path = ViewControllers;
			sourceTree = "<group>";
		};
		010EEF1F2943D2F600B140E3 /* TabBarController */ = {
			isa = PBXGroup;
			children = (
				010EEF202943D30600B140E3 /* TabBarController.swift */,
				010EEF222943E17600B140E3 /* TabBarSetup.swift */,
			);
			path = TabBarController;
			sourceTree = "<group>";
		};
		010EEF242943E1A000B140E3 /* VoiceController */ = {
			isa = PBXGroup;
			children = (
				010EEF2B2943E1F400B140E3 /* VoiceController.swift */,
				010EEF3B2943EA0400B140E3 /* VoiceSetUpUI.swift */,
				010EEF48294466E700B140E3 /* VoiceSetUpLogic.swift */,
				01A2872F294638ED00CC3AE8 /* RecorderVoiceController.swift */,
				0147AC61298864E70085B65C /* RateUS.swift */,
			);
			path = VoiceController;
			sourceTree = "<group>";
		};
		010EEF252943E1B700B140E3 /* EmotionsController */ = {
			isa = PBXGroup;
			children = (
				010EEF292943E1EF00B140E3 /* EmotionsController.swift */,
				010EEF3F2943EC1B00B140E3 /* EmotionsSetUpUI.swift */,
				010EEF4A294485F200B140E3 /* DogCell.swift */,
				010EEF4C2944EA9B00B140E3 /* EmotionsSetUpLogic.swift */,
			);
			path = EmotionsController;
			sourceTree = "<group>";
		};
		010EEF262943E1C600B140E3 /* WhistleController */ = {
			isa = PBXGroup;
			children = (
				010EEF272943E1E600B140E3 /* WhistleController.swift */,
				010EEF3D2943EC1100B140E3 /* WhistleSetUpUI.swift */,
				010EEF4629440DEC00B140E3 /* WhistleSetUpLogic.swift */,
				017448C929D6D09300ECE743 /* WhisteAlert.swift */,
			);
			path = WhistleController;
			sourceTree = "<group>";
		};
		010EEF352943E7C900B140E3 /* Device+extension */ = {
			isa = PBXGroup;
			children = (
				010EEF362943E7D900B140E3 /* Device+extension.swift */,
			);
			path = "Device+extension";
			sourceTree = "<group>";
		};
		010EEF382943E80500B140E3 /* AVAudioPlayer+extension */ = {
			isa = PBXGroup;
			children = (
				010EEF392943E81A00B140E3 /* AVAudioPlayer+extension.swift */,
			);
			path = "AVAudioPlayer+extension";
			sourceTree = "<group>";
		};
		010EEF412944028F00B140E3 /* ToneOutput */ = {
			isa = PBXGroup;
			children = (
				010EEF422944029D00B140E3 /* ToneOutputUnit.swift */,
			);
			path = ToneOutput;
			sourceTree = "<group>";
		};
		01196C852946742500A23B6B /* PopUpControllers */ = {
			isa = PBXGroup;
			children = (
				01196C8329466D0D00A23B6B /* PopUpDogResultController.swift */,
				01196C862946759100A23B6B /* DogHousePopUp.swift */,
				0147ABD5298808220085B65C /* index1PopUp.swift */,
			);
			path = PopUpControllers;
			sourceTree = "<group>";
		};
		012EDD45294B60C100D6B722 /* SettingController */ = {
			isa = PBXGroup;
			children = (
				012EDD46294B60D000D6B722 /* SettingController.swift */,
				012EDD4C294B6E4D00D6B722 /* SettingSetUpUi.swift */,
				012EDD48294B610900D6B722 /* SettingTableViewCell.swift */,
				012EDD4A294B64C500D6B722 /* SettingTableViewExtension.swift */,
				0131A7FD295A622B002E3121 /* FAQController.swift */,
			);
			path = SettingController;
			sourceTree = "<group>";
		};
		0178591A29E5461D001D2D21 /* Game */ = {
			isa = PBXGroup;
			children = (
				0178591B29E54637001D2D21 /* Card.swift */,
				0178591D29E54647001D2D21 /* CardModel.swift */,
				0178591F29E54662001D2D21 /* NewCardGame.swift */,
				0178592129E54672001D2D21 /* GameControllre.swift */,
				0178592329E54681001D2D21 /* GameLogic.swift */,
				0178592529E5468F001D2D21 /* CardCell.swift */,
				0178592729E5469F001D2D21 /* LevelControllre.swift */,
			);
			path = Game;
			sourceTree = "<group>";
		};
		0178592B29E679A9001D2D21 /* Blog */ = {
			isa = PBXGroup;
			children = (
				0178592C29E679B6001D2D21 /* BlogViewController.swift */,
				0178592E29E6A306001D2D21 /* BlogCell.swift */,
				0178593029E6B5A8001D2D21 /* BlogUI.swift */,
				0178593229E6BCF2001D2D21 /* BlogSetupCollection.swift */,
				0178593429E71215001D2D21 /* BlogAction.swift */,
			);
			path = Blog;
			sourceTree = "<group>";
		};
		019366AB295ECF4B00800A04 /* emotionsSounds */ = {
			isa = PBXGroup;
			children = (
				01FFC4FA295DA53C00D96F7E /* 1.mp3 */,
				01FFC4F7295DA53B00D96F7E /* 2.mp3 */,
				01FFC4F2295DA53A00D96F7E /* 3.mp3 */,
				01FFC4FE295DA53D00D96F7E /* 4.mp3 */,
				01FFC4F1295DA53A00D96F7E /* 5.mp3 */,
				019366B9295ECF9F00800A04 /* 6.mp3 */,
				01FFC4FB295DA53C00D96F7E /* 7.mp3 */,
				01FFC4FF295DA53D00D96F7E /* 8.mp3 */,
				01FFC508295DA53F00D96F7E /* 9.mp3 */,
				01FFC505295DA53E00D96F7E /* 10.mp3 */,
				01FFC4F6295DA53B00D96F7E /* 12.mp3 */,
				0147ABD729881F520085B65C /* 11.mp3 */,
				01FFC4F3295DA53A00D96F7E /* 13.mp3 */,
				01FFC4F4295DA53B00D96F7E /* 14.mp3 */,
				01FFC4FD295DA53D00D96F7E /* 15.mp3 */,
				01FFC4F9295DA53C00D96F7E /* 16.mp3 */,
				01FFC500295DA53D00D96F7E /* 17.mp3 */,
				01FFC507295DA53F00D96F7E /* 18.mp3 */,
				01FFC4F5295DA53B00D96F7E /* 19.mp3 */,
				01FFC501295DA53E00D96F7E /* 20.mp3 */,
				01FFC503295DA53E00D96F7E /* 21.mp3 */,
				01FFC4F8295DA53C00D96F7E /* 22.mp3 */,
				01FFC502295DA53E00D96F7E /* 23.mp3 */,
				01FFC4FC295DA53C00D96F7E /* 24.mp3 */,
			);
			path = emotionsSounds;
			sourceTree = "<group>";
		};
		019366AC295ECF6800800A04 /* voiceSounds */ = {
			isa = PBXGroup;
			children = (
				0147AC0C29885C9D0085B65C /* 110.mp3 */,
				0147AC1A29885CA00085B65C /* 111.mp3 */,
				0147AC2529885CA30085B65C /* 112.mp3 */,
				0147AC2829885CA30085B65C /* 113.mp3 */,
				0147AC2E29885CA50085B65C /* 114.mp3 */,
				0147AC2C29885CA40085B65C /* 115.mp3 */,
				0147AC0329885C9B0085B65C /* 116.mp3 */,
				0147AC0E29885C9D0085B65C /* 117.mp3 */,
				0147AC0D29885C9D0085B65C /* 118.mp3 */,
				0147AC1729885CA00085B65C /* 119.mp3 */,
				0147AC2729885CA30085B65C /* 120.mp3 */,
				0147AC1829885CA00085B65C /* 121.mp3 */,
				0147AC0529885C9B0085B65C /* 122.mp3 */,
				0147AC2229885CA20085B65C /* 123.mp3 */,
				0147AC1629885C9F0085B65C /* 125.mp3 */,
				0147AC1329885C9F0085B65C /* 126.mp3 */,
				0147AC0A29885C9C0085B65C /* 128.mp3 */,
				0147AC2129885CA20085B65C /* 129.mp3 */,
				0147AC1429885C9F0085B65C /* 32.mp3 */,
				0147AC1D29885CA10085B65C /* 35.mp3 */,
				0147AC1F29885CA10085B65C /* 36.mp3 */,
				0147AC1E29885CA10085B65C /* 38.mp3 */,
				0147AC2329885CA20085B65C /* 39.mp3 */,
				0147AC2029885CA20085B65C /* 40.mp3 */,
				0147AC2F29885CA50085B65C /* 41.mp3 */,
				0147AC0629885C9B0085B65C /* 42.mp3 */,
				0147AC0929885C9C0085B65C /* 43.mp3 */,
				0147AC1229885C9E0085B65C /* 44.mp3 */,
				0147AC1C29885CA10085B65C /* 45.mp3 */,
				0147AC2B29885CA40085B65C /* 46.mp3 */,
				0147AC0B29885C9D0085B65C /* 50.mp3 */,
				0147ABFF29885C9A0085B65C /* 51.mp3 */,
				0147AC0829885C9C0085B65C /* 52.mp3 */,
				0147AC0129885C9A0085B65C /* 53.mp3 */,
				0147AC1929885CA00085B65C /* 58.mp3 */,
			);
			path = voiceSounds;
			sourceTree = "<group>";
		};
		01A2872C2946381500CC3AE8 /* Recorder */ = {
			isa = PBXGroup;
			children = (
				01A2872D2946383100CC3AE8 /* Recorder+extension.swift */,
			);
			path = Recorder;
			sourceTree = "<group>";
		};
		01A2873129463EC200CC3AE8 /* Lottie */ = {
			isa = PBXGroup;
			children = (
				01A2873329463ED400CC3AE8 /* dog.json */,
				0147ABD32987E8AE0085B65C /* microphone.json */,
				01196C8829471F7500A23B6B /* 54610-microphone-recording.json */,
				01A2873229463ED400CC3AE8 /* stars.json */,
			);
			path = Lottie;
			sourceTree = "<group>";
		};
		01B4BAF1297150B7001F6D3A /* Alert */ = {
			isa = PBXGroup;
			children = (
				01D1B9622958B7C10033F209 /* ImageAlert.swift */,
				01B4BAEF297150AE001F6D3A /* AlertPermission.swift */,
			);
			path = Alert;
			sourceTree = "<group>";
		};
		01D1B95F2958B4DC0033F209 /* Transition */ = {
			isa = PBXGroup;
			children = (
				01D1B9602958B4E70033F209 /* Transition.swift */,
			);
			path = Transition;
			sourceTree = "<group>";
		};
		01DAEC7E294E3E2200E9EED2 /* PopUpEmotions */ = {
			isa = PBXGroup;
			children = (
				01DAEC7F294E3E3400E9EED2 /* PopUpController.swift */,
			);
			path = PopUpEmotions;
			sourceTree = "<group>";
		};
		01F89363293BFDB10087AD3C = {
			isa = PBXGroup;
			children = (
				01F8936E293BFDB10087AD3C /* dogTranslator */,
				01F8936D293BFDB10087AD3C /* Products */,
				0308EA69F9ED073275E09713 /* Pods */,
				7BB0A30C37034E6EFE17EEDF /* Frameworks */,
			);
			sourceTree = "<group>";
		};
		01F8936D293BFDB10087AD3C /* Products */ = {
			isa = PBXGroup;
			children = (
				01F8936C293BFDB10087AD3C /* dogTranslator.app */,
			);
			name = Products;
			sourceTree = "<group>";
		};
		01F8936E293BFDB10087AD3C /* dogTranslator */ = {
			isa = PBXGroup;
			children = (
				010EA49429530BE6009D8E79 /* Localization */,
				010EA48F29530A00009D8E79 /* Payment */,
				01DAEC7E294E3E2200E9EED2 /* PopUpEmotions */,
				010EEF1B2943D18400B140E3 /* Config */,
				010EEF1A2943D11B00B140E3 /* Sounds */,
				010EEF192943D0F900B140E3 /* UI Extension */,
				010EEF182943D0E700B140E3 /* Support Files */,
				010EEF1C2943D1FC00B140E3 /* OnBoarding */,
				010EEF1E2943D22300B140E3 /* ViewControllers */,
				01F89378293BFDB20087AD3C /* Assets.xcassets */,
				01F8937D293BFDB20087AD3C /* Info.plist */,
			);
			path = dogTranslator;
			sourceTree = "<group>";
		};
		0308EA69F9ED073275E09713 /* Pods */ = {
			isa = PBXGroup;
			children = (
				B3D398D23C25E8033E3BC21F /* Pods-dogTranslator.debug.xcconfig */,
				690F0333DBF35E2383C07356 /* Pods-dogTranslator.release.xcconfig */,
			);
			path = Pods;
			sourceTree = "<group>";
		};
		7BB0A30C37034E6EFE17EEDF /* Frameworks */ = {
			isa = PBXGroup;
			children = (
				0131A7F62959EC8D002E3121 /* StoreKit.framework */,
				41927CCFA456EA1BCA43EBF0 /* Pods_dogTranslator.framework */,
			);
			name = Frameworks;
			sourceTree = "<group>";
		};
/* End PBXGroup section */

/* Begin PBXNativeTarget section */
		01F8936B293BFDB10087AD3C /* dogTranslator */ = {
			isa = PBXNativeTarget;
			buildConfigurationList = 01F89380293BFDB20087AD3C /* Build configuration list for PBXNativeTarget "dogTranslator" */;
			buildPhases = (
				DDC7763530F0125D3969F924 /* [CP] Check Pods Manifest.lock */,
				01F89368293BFDB10087AD3C /* Sources */,
				01F89369293BFDB10087AD3C /* Frameworks */,
				01F8936A293BFDB10087AD3C /* Resources */,
				C0DD5FF278AEFEF24B8568E9 /* [CP] Embed Pods Frameworks */,
			);
			buildRules = (
			);
			dependencies = (
			);
			name = dogTranslator;
			productName = dogTranslator;
			productReference = 01F8936C293BFDB10087AD3C /* dogTranslator.app */;
			productType = "com.apple.product-type.application";
		};
/* End PBXNativeTarget section */

/* Begin PBXProject section */
		01F89364293BFDB10087AD3C /* Project object */ = {
			isa = PBXProject;
			attributes = {
				BuildIndependentTargetsInParallel = 1;
				LastSwiftUpdateCheck = 1400;
				LastUpgradeCheck = 1400;
				TargetAttributes = {
					01F8936B293BFDB10087AD3C = {
						CreatedOnToolsVersion = 14.0.1;
					};
				};
			};
			buildConfigurationList = 01F89367293BFDB10087AD3C /* Build configuration list for PBXProject "dogTranslator" */;
			compatibilityVersion = "Xcode 14.0";
			developmentRegion = en;
			hasScannedForEncodings = 0;
			knownRegions = (
				en,
				Base,
				ru,
				"zh-HK",
				"zh-Hans",
				"zh-Hant",
				de,
				fr,
				it,
				ja,
				ar,
				"pt-BR",
				"pt-PT",
				ko,
				es,
				"es-419",
				tr,
				vi,
			);
			mainGroup = 01F89363293BFDB10087AD3C;
			productRefGroup = 01F8936D293BFDB10087AD3C /* Products */;
			projectDirPath = "";
			projectRoot = "";
			targets = (
				01F8936B293BFDB10087AD3C /* dogTranslator */,
			);
		};
/* End PBXProject section */

/* Begin PBXResourcesBuildPhase section */
		01F8936A293BFDB10087AD3C /* Resources */ = {
			isa = PBXResourcesBuildPhase;
			buildActionMask = 2147483647;
			files = (
				0147AC4F29885CA50085B65C /* 38.mp3 in Resources */,
				0147AC3629885CA50085B65C /* 122.mp3 in Resources */,
				0147AC3229885CA50085B65C /* 53.mp3 in Resources */,
				01FFC515295DA53F00D96F7E /* 15.mp3 in Resources */,
				01FFC512295DA53F00D96F7E /* 1.mp3 in Resources */,
				01FFC510295DA53F00D96F7E /* 22.mp3 in Resources */,
				0147AC3429885CA50085B65C /* 116.mp3 in Resources */,
				01FFC514295DA53F00D96F7E /* 24.mp3 in Resources */,
				0147AC4529885CA50085B65C /* 32.mp3 in Resources */,
				0147AC3B29885CA50085B65C /* 128.mp3 in Resources */,
				0147AC5829885CA50085B65C /* 120.mp3 in Resources */,
				0147AC3729885CA50085B65C /* 42.mp3 in Resources */,
				01A2873529463ED400CC3AE8 /* stars.json in Resources */,
				014622EE29F1015100C82036 /* congrats.json in Resources */,
				01FFC509295DA53F00D96F7E /* 5.mp3 in Resources */,
				01F8937C293BFDB20087AD3C /* LaunchScreen.storyboard in Resources */,
				014622F029F10B5200C82036 /* open.mp3 in Resources */,
				0147AC5929885CA50085B65C /* 113.mp3 in Resources */,
				01FFC50E295DA53F00D96F7E /* 12.mp3 in Resources */,
				01FFC50F295DA53F00D96F7E /* 2.mp3 in Resources */,
				0147AC4729885CA50085B65C /* 125.mp3 in Resources */,
				0147AC5C29885CA50085B65C /* 46.mp3 in Resources */,
				0147AC5129885CA50085B65C /* 40.mp3 in Resources */,
				01FFC519295DA53F00D96F7E /* 20.mp3 in Resources */,
				01FFC520295DA53F00D96F7E /* 9.mp3 in Resources */,
				01A2873629463ED400CC3AE8 /* dog.json in Resources */,
				0147AC3929885CA50085B65C /* 52.mp3 in Resources */,
				0147ABD829881F520085B65C /* 11.mp3 in Resources */,
				0147AC4A29885CA50085B65C /* 58.mp3 in Resources */,
				01FFC511295DA53F00D96F7E /* 16.mp3 in Resources */,
				01FFC518295DA53F00D96F7E /* 17.mp3 in Resources */,
				01FFC51B295DA53F00D96F7E /* 21.mp3 in Resources */,
				0147AC5029885CA50085B65C /* 36.mp3 in Resources */,
				0147AC4929885CA50085B65C /* 121.mp3 in Resources */,
				01F89379293BFDB20087AD3C /* Assets.xcassets in Resources */,
				014622F229F10B5800C82036 /* match.mp3 in Resources */,
				01FFC51A295DA53F00D96F7E /* 23.mp3 in Resources */,
				01FFC50D295DA53F00D96F7E /* 19.mp3 in Resources */,
				0147AC5D29885CA50085B65C /* 115.mp3 in Resources */,
				019366BA295ECF9F00800A04 /* 6.mp3 in Resources */,
				0147AC5629885CA50085B65C /* 112.mp3 in Resources */,
				0147AC4429885CA50085B65C /* 126.mp3 in Resources */,
				01196C8929471F7500A23B6B /* 54610-microphone-recording.json in Resources */,
				01FFC50A295DA53F00D96F7E /* 3.mp3 in Resources */,
				01FFC50C295DA53F00D96F7E /* 14.mp3 in Resources */,
				01FFC513295DA53F00D96F7E /* 7.mp3 in Resources */,
				0147AC3029885CA50085B65C /* 51.mp3 in Resources */,
				01FFC516295DA53F00D96F7E /* 4.mp3 in Resources */,
				0147AC5229885CA50085B65C /* 129.mp3 in Resources */,
				0147AC4E29885CA50085B65C /* 35.mp3 in Resources */,
				0147AC3D29885CA50085B65C /* 110.mp3 in Resources */,
				0147AC3C29885CA50085B65C /* 50.mp3 in Resources */,
				0147AC5329885CA50085B65C /* 123.mp3 in Resources */,
				0147ABD42987E8AE0085B65C /* microphone.json in Resources */,
				01FFC50B295DA53F00D96F7E /* 13.mp3 in Resources */,
				01D1B9682959DD800033F209 /* Localizable.strings in Resources */,
				01FFC51F295DA53F00D96F7E /* 18.mp3 in Resources */,
				0147AC4829885CA50085B65C /* 119.mp3 in Resources */,
				0147AC3A29885CA50085B65C /* 43.mp3 in Resources */,
				01FFC51D295DA53F00D96F7E /* 10.mp3 in Resources */,
				0147AC5429885CA50085B65C /* 39.mp3 in Resources */,
				01FFC517295DA53F00D96F7E /* 8.mp3 in Resources */,
				0147AC3E29885CA50085B65C /* 118.mp3 in Resources */,
				0147AC5F29885CA50085B65C /* 114.mp3 in Resources */,
				0131A7FA295A5B33002E3121 /* InfoPlist.strings in Resources */,
				0147AC4D29885CA50085B65C /* 45.mp3 in Resources */,
				0147AC4B29885CA50085B65C /* 111.mp3 in Resources */,
				0147AC6029885CA50085B65C /* 41.mp3 in Resources */,
				0147AC4329885CA50085B65C /* 44.mp3 in Resources */,
				0147AC3F29885CA50085B65C /* 117.mp3 in Resources */,
				010EA4B529538C49009D8E79 /* GoogleService-Info.plist in Resources */,
			);
			runOnlyForDeploymentPostprocessing = 0;
		};
/* End PBXResourcesBuildPhase section */

/* Begin PBXShellScriptBuildPhase section */
		C0DD5FF278AEFEF24B8568E9 /* [CP] Embed Pods Frameworks */ = {
			isa = PBXShellScriptBuildPhase;
			buildActionMask = 2147483647;
			files = (
			);
			inputFileListPaths = (
				"${PODS_ROOT}/Target Support Files/Pods-dogTranslator/Pods-dogTranslator-frameworks-${CONFIGURATION}-input-files.xcfilelist",
			);
			name = "[CP] Embed Pods Frameworks";
			outputFileListPaths = (
				"${PODS_ROOT}/Target Support Files/Pods-dogTranslator/Pods-dogTranslator-frameworks-${CONFIGURATION}-output-files.xcfilelist",
			);
			runOnlyForDeploymentPostprocessing = 0;
			shellPath = /bin/sh;
			shellScript = "\"${PODS_ROOT}/Target Support Files/Pods-dogTranslator/Pods-dogTranslator-frameworks.sh\"\n";
			showEnvVarsInLog = 0;
		};
		DDC7763530F0125D3969F924 /* [CP] Check Pods Manifest.lock */ = {
			isa = PBXShellScriptBuildPhase;
			buildActionMask = 2147483647;
			files = (
			);
			inputFileListPaths = (
			);
			inputPaths = (
				"${PODS_PODFILE_DIR_PATH}/Podfile.lock",
				"${PODS_ROOT}/Manifest.lock",
			);
			name = "[CP] Check Pods Manifest.lock";
			outputFileListPaths = (
			);
			outputPaths = (
				"$(DERIVED_FILE_DIR)/Pods-dogTranslator-checkManifestLockResult.txt",
			);
			runOnlyForDeploymentPostprocessing = 0;
			shellPath = /bin/sh;
			shellScript = "diff \"${PODS_PODFILE_DIR_PATH}/Podfile.lock\" \"${PODS_ROOT}/Manifest.lock\" > /dev/null\nif [ $? != 0 ] ; then\n    # print error to STDERR\n    echo \"error: The sandbox is not in sync with the Podfile.lock. Run 'pod install' or update your CocoaPods installation.\" >&2\n    exit 1\nfi\n# This output is used by Xcode 'outputs' to avoid re-running this script phase.\necho \"SUCCESS\" > \"${SCRIPT_OUTPUT_FILE_0}\"\n";
			showEnvVarsInLog = 0;
		};
/* End PBXShellScriptBuildPhase section */

/* Begin PBXSourcesBuildPhase section */
		01F89368293BFDB10087AD3C /* Sources */ = {
			isa = PBXSourcesBuildPhase;
			buildActionMask = 2147483647;
			files = (
				010EA49F2953252B009D8E79 /* SecondSubOnBoardingLogic.swift in Sources */,
				0178593129E6B5A8001D2D21 /* BlogUI.swift in Sources */,
				0178592229E54672001D2D21 /* GameControllre.swift in Sources */,
				012EDD4D294B6E4D00D6B722 /* SettingSetUpUi.swift in Sources */,
				012EDD4B294B64C500D6B722 /* SettingTableViewExtension.swift in Sources */,
				0178592829E5469F001D2D21 /* LevelControllre.swift in Sources */,
				010EA49629530BF2009D8E79 /* Localization.swift in Sources */,
				0178592D29E679B6001D2D21 /* BlogViewController.swift in Sources */,
				01A2872E2946383100CC3AE8 /* Recorder+extension.swift in Sources */,
				01D1B9612958B4E70033F209 /* Transition.swift in Sources */,
				010EA47E2952FCD1009D8E79 /* LabelSub.swift in Sources */,
				010EA4AB29536E53009D8E79 /* FirstSubViewControllerUI.swift in Sources */,
				0178592029E54662001D2D21 /* NewCardGame.swift in Sources */,
				010EEF3E2943EC1100B140E3 /* WhistleSetUpUI.swift in Sources */,
				010EEF49294466E700B140E3 /* VoiceSetUpLogic.swift in Sources */,
				0178592F29E6A306001D2D21 /* BlogCell.swift in Sources */,
				010EA49B29532516009D8E79 /* SecondSubOnBoarding.swift in Sources */,
				010EEF342943E7B600B140E3 /* UIView+init.swift in Sources */,
				010EEF2A2943E1EF00B140E3 /* EmotionsController.swift in Sources */,
				010EA4B129536E75009D8E79 /* SecondSubViewControllerUI.swift in Sources */,
				01D1B9632958B7C10033F209 /* ImageAlert.swift in Sources */,
				010EEF3A2943E81A00B140E3 /* AVAudioPlayer+extension.swift in Sources */,
				010EA4A529532550009D8E79 /* FirstSubOnBoardingLogic.swift in Sources */,
				010EEF322943E7A900B140E3 /* ImageView+init.swift in Sources */,
				010EA489295303A8009D8E79 /* SecondOnBoarding.swift in Sources */,
				010EEF212943D30600B140E3 /* TabBarController.swift in Sources */,
				0131A7FE295A622B002E3121 /* FAQController.swift in Sources */,
				0178592629E5468F001D2D21 /* CardCell.swift in Sources */,
				0178591E29E54647001D2D21 /* CardModel.swift in Sources */,
				010EEF402943EC1B00B140E3 /* EmotionsSetUpUI.swift in Sources */,
				010EA49D2953251C009D8E79 /* SecondSubOnBoardingUI.swift in Sources */,
				010EEF372943E7D900B140E3 /* Device+extension.swift in Sources */,
				01196C8429466D0D00A23B6B /* PopUpDogResultController.swift in Sources */,
				010EA4B329536E7E009D8E79 /* SecondSubViewControllerLogic.swift in Sources */,
				010EEF2C2943E1F400B140E3 /* VoiceController.swift in Sources */,
				012EDD49294B610900D6B722 /* SettingTableViewCell.swift in Sources */,
				010EEF3C2943EA0400B140E3 /* VoiceSetUpUI.swift in Sources */,
				0147AC62298864E70085B65C /* RateUS.swift in Sources */,
				0147ABD6298808220085B65C /* index1PopUp.swift in Sources */,
				010EEF432944029D00B140E3 /* ToneOutputUnit.swift in Sources */,
				017448CA29D6D09300ECE743 /* WhisteAlert.swift in Sources */,
				010EA4A929536E37009D8E79 /* FirstSubViewController.swift in Sources */,
				010EEF4D2944EA9B00B140E3 /* EmotionsSetUpLogic.swift in Sources */,
				010EA4A329532546009D8E79 /* FirstSubOnBoardingUI.swift in Sources */,
				01B4BAF0297150AE001F6D3A /* AlertPermission.swift in Sources */,
				0178591C29E54637001D2D21 /* Card.swift in Sources */,
				010EA4792951BF17009D8E79 /* DelegateExtension.swift in Sources */,
				0178593529E71216001D2D21 /* BlogAction.swift in Sources */,
				010EA4822952FD0C009D8E79 /* ImageViewSub.swift in Sources */,
				010EEF232943E17600B140E3 /* TabBarSetup.swift in Sources */,
				010EA4A729532C93009D8E79 /* IsFirstLaunch.swift in Sources */,
				01196C872946759100A23B6B /* DogHousePopUp.swift in Sources */,
				010EA4A12953253F009D8E79 /* FirstSubOnBoarding.swift in Sources */,
				010EEF282943E1E600B140E3 /* WhistleController.swift in Sources */,
				01196C8229466B0C00A23B6B /* UIImageView+BlurEffect.swift in Sources */,
				01D1B9652959D2360033F209 /* RemoteConfig.swift in Sources */,
				0178592429E54681001D2D21 /* GameLogic.swift in Sources */,
				01A28730294638ED00CC3AE8 /* RecorderVoiceController.swift in Sources */,
				010EA49329530A30009D8E79 /* InAppPurchase.swift in Sources */,
				010EEF302943E7A100B140E3 /* UIButton+init.swift in Sources */,
				010EA4842952FD39009D8E79 /* Collection.swift in Sources */,
				010EEF4B294485F200B140E3 /* DogCell.swift in Sources */,
				010EA4AF29536E69009D8E79 /* SecondSubViewController.swift in Sources */,
				010EA4AD29536E5E009D8E79 /* FirstSubViewControllerLogic.swift in Sources */,
				010EA4802952FCE7009D8E79 /* ViewSub.swift in Sources */,
				01F89370293BFDB10087AD3C /* AppDelegate.swift in Sources */,
				010EA487295303A0009D8E79 /* FirstOnBoarding.swift in Sources */,
				010EEF2E2943E79800B140E3 /* UILabel+init.swift in Sources */,
				010EA47B2952FC36009D8E79 /* OnBoardingController.swift in Sources */,
				012EDD47294B60D000D6B722 /* SettingController.swift in Sources */,
				0178593329E6BCF2001D2D21 /* BlogSetupCollection.swift in Sources */,
				010EA49129530A16009D8E79 /* StoreManager.swift in Sources */,
				01DAEC80294E3E3400E9EED2 /* PopUpController.swift in Sources */,
				010EEF4729440DEC00B140E3 /* WhistleSetUpLogic.swift in Sources */,
			);
			runOnlyForDeploymentPostprocessing = 0;
		};
/* End PBXSourcesBuildPhase section */

/* Begin PBXVariantGroup section */
		0131A7FC295A5B33002E3121 /* InfoPlist.strings */ = {
			isa = PBXVariantGroup;
			children = (
				0131A7FB295A5B33002E3121 /* en */,
				01DAA66A296F13FA00325A68 /* ru */,
				0185700529954C4200BDE414 /* zh-HK */,
				0185700729954C4B00BDE414 /* zh-Hans */,
				0185700929954C5100BDE414 /* zh-Hant */,
				0185700B2995666A00BDE414 /* de */,
				0185700D299566A600BDE414 /* fr */,
				0185700F2995670800BDE414 /* it */,
				018570112995673E00BDE414 /* ja */,
				018570132995675D00BDE414 /* ar */,
				01857015299567AC00BDE414 /* pt-BR */,
				01857017299567B600BDE414 /* pt-PT */,
				01857019299567FB00BDE414 /* ko */,
				0185701B2995683400BDE414 /* es */,
				0185701D2995683A00BDE414 /* es-419 */,
				0185701F2995685A00BDE414 /* tr */,
				018570212995689900BDE414 /* vi */,
			);
			name = InfoPlist.strings;
			sourceTree = "<group>";
		};
		01D1B96A2959DD800033F209 /* Localizable.strings */ = {
			isa = PBXVariantGroup;
			children = (
				01D1B9692959DD800033F209 /* en */,
				01DAA669296F13FA00325A68 /* ru */,
				0185700429954C4200BDE414 /* zh-HK */,
				0185700629954C4B00BDE414 /* zh-Hans */,
				0185700829954C5100BDE414 /* zh-Hant */,
				0185700A2995666A00BDE414 /* de */,
				0185700C299566A600BDE414 /* fr */,
				0185700E2995670700BDE414 /* it */,
				018570102995673E00BDE414 /* ja */,
				018570122995675D00BDE414 /* ar */,
				01857014299567AC00BDE414 /* pt-BR */,
				01857016299567B600BDE414 /* pt-PT */,
				01857018299567FB00BDE414 /* ko */,
				0185701A2995683400BDE414 /* es */,
				0185701C2995683A00BDE414 /* es-419 */,
				0185701E2995685900BDE414 /* tr */,
				018570202995689900BDE414 /* vi */,
			);
			name = Localizable.strings;
			sourceTree = "<group>";
		};
		01F8937A293BFDB20087AD3C /* LaunchScreen.storyboard */ = {
			isa = PBXVariantGroup;
			children = (
				01F8937B293BFDB20087AD3C /* Base */,
			);
			name = LaunchScreen.storyboard;
			sourceTree = "<group>";
		};
/* End PBXVariantGroup section */

/* Begin XCBuildConfiguration section */
		01F8937E293BFDB20087AD3C /* Debug */ = {
			isa = XCBuildConfiguration;
			buildSettings = {
				ALWAYS_SEARCH_USER_PATHS = NO;
				CLANG_ANALYZER_LOCALIZABILITY_NONLOCALIZED = YES;
				CLANG_ANALYZER_NONNULL = YES;
				CLANG_ANALYZER_NUMBER_OBJECT_CONVERSION = YES_AGGRESSIVE;
				CLANG_CXX_LANGUAGE_STANDARD = "gnu++20";
				CLANG_ENABLE_MODULES = YES;
				CLANG_ENABLE_OBJC_ARC = YES;
				CLANG_ENABLE_OBJC_WEAK = YES;
				CLANG_WARN_BLOCK_CAPTURE_AUTORELEASING = YES;
				CLANG_WARN_BOOL_CONVERSION = YES;
				CLANG_WARN_COMMA = YES;
				CLANG_WARN_CONSTANT_CONVERSION = YES;
				CLANG_WARN_DEPRECATED_OBJC_IMPLEMENTATIONS = YES;
				CLANG_WARN_DIRECT_OBJC_ISA_USAGE = YES_ERROR;
				CLANG_WARN_DOCUMENTATION_COMMENTS = YES;
				CLANG_WARN_EMPTY_BODY = YES;
				CLANG_WARN_ENUM_CONVERSION = YES;
				CLANG_WARN_INFINITE_RECURSION = YES;
				CLANG_WARN_INT_CONVERSION = YES;
				CLANG_WARN_NON_LITERAL_NULL_CONVERSION = YES;
				CLANG_WARN_OBJC_IMPLICIT_RETAIN_SELF = YES;
				CLANG_WARN_OBJC_LITERAL_CONVERSION = YES;
				CLANG_WARN_OBJC_ROOT_CLASS = YES_ERROR;
				CLANG_WARN_QUOTED_INCLUDE_IN_FRAMEWORK_HEADER = YES;
				CLANG_WARN_RANGE_LOOP_ANALYSIS = YES;
				CLANG_WARN_STRICT_PROTOTYPES = YES;
				CLANG_WARN_SUSPICIOUS_MOVE = YES;
				CLANG_WARN_UNGUARDED_AVAILABILITY = YES_AGGRESSIVE;
				CLANG_WARN_UNREACHABLE_CODE = YES;
				CLANG_WARN__DUPLICATE_METHOD_MATCH = YES;
				COPY_PHASE_STRIP = NO;
				DEBUG_INFORMATION_FORMAT = dwarf;
				ENABLE_STRICT_OBJC_MSGSEND = YES;
				ENABLE_TESTABILITY = YES;
				GCC_C_LANGUAGE_STANDARD = gnu11;
				GCC_DYNAMIC_NO_PIC = NO;
				GCC_NO_COMMON_BLOCKS = YES;
				GCC_OPTIMIZATION_LEVEL = 0;
				GCC_PREPROCESSOR_DEFINITIONS = (
					"DEBUG=1",
					"$(inherited)",
				);
				GCC_WARN_64_TO_32_BIT_CONVERSION = YES;
				GCC_WARN_ABOUT_RETURN_TYPE = YES_ERROR;
				GCC_WARN_UNDECLARED_SELECTOR = YES;
				GCC_WARN_UNINITIALIZED_AUTOS = YES_AGGRESSIVE;
				GCC_WARN_UNUSED_FUNCTION = YES;
				GCC_WARN_UNUSED_VARIABLE = YES;
				IPHONEOS_DEPLOYMENT_TARGET = 16.0;
				MTL_ENABLE_DEBUG_INFO = INCLUDE_SOURCE;
				MTL_FAST_MATH = YES;
				ONLY_ACTIVE_ARCH = YES;
				SDKROOT = iphoneos;
				SWIFT_ACTIVE_COMPILATION_CONDITIONS = DEBUG;
				SWIFT_OPTIMIZATION_LEVEL = "-Onone";
			};
			name = Debug;
		};
		01F8937F293BFDB20087AD3C /* Release */ = {
			isa = XCBuildConfiguration;
			buildSettings = {
				ALWAYS_SEARCH_USER_PATHS = NO;
				CLANG_ANALYZER_LOCALIZABILITY_NONLOCALIZED = YES;
				CLANG_ANALYZER_NONNULL = YES;
				CLANG_ANALYZER_NUMBER_OBJECT_CONVERSION = YES_AGGRESSIVE;
				CLANG_CXX_LANGUAGE_STANDARD = "gnu++20";
				CLANG_ENABLE_MODULES = YES;
				CLANG_ENABLE_OBJC_ARC = YES;
				CLANG_ENABLE_OBJC_WEAK = YES;
				CLANG_WARN_BLOCK_CAPTURE_AUTORELEASING = YES;
				CLANG_WARN_BOOL_CONVERSION = YES;
				CLANG_WARN_COMMA = YES;
				CLANG_WARN_CONSTANT_CONVERSION = YES;
				CLANG_WARN_DEPRECATED_OBJC_IMPLEMENTATIONS = YES;
				CLANG_WARN_DIRECT_OBJC_ISA_USAGE = YES_ERROR;
				CLANG_WARN_DOCUMENTATION_COMMENTS = YES;
				CLANG_WARN_EMPTY_BODY = YES;
				CLANG_WARN_ENUM_CONVERSION = YES;
				CLANG_WARN_INFINITE_RECURSION = YES;
				CLANG_WARN_INT_CONVERSION = YES;
				CLANG_WARN_NON_LITERAL_NULL_CONVERSION = YES;
				CLANG_WARN_OBJC_IMPLICIT_RETAIN_SELF = YES;
				CLANG_WARN_OBJC_LITERAL_CONVERSION = YES;
				CLANG_WARN_OBJC_ROOT_CLASS = YES_ERROR;
				CLANG_WARN_QUOTED_INCLUDE_IN_FRAMEWORK_HEADER = YES;
				CLANG_WARN_RANGE_LOOP_ANALYSIS = YES;
				CLANG_WARN_STRICT_PROTOTYPES = YES;
				CLANG_WARN_SUSPICIOUS_MOVE = YES;
				CLANG_WARN_UNGUARDED_AVAILABILITY = YES_AGGRESSIVE;
				CLANG_WARN_UNREACHABLE_CODE = YES;
				CLANG_WARN__DUPLICATE_METHOD_MATCH = YES;
				COPY_PHASE_STRIP = NO;
				DEBUG_INFORMATION_FORMAT = "dwarf-with-dsym";
				ENABLE_NS_ASSERTIONS = NO;
				ENABLE_STRICT_OBJC_MSGSEND = YES;
				GCC_C_LANGUAGE_STANDARD = gnu11;
				GCC_NO_COMMON_BLOCKS = YES;
				GCC_WARN_64_TO_32_BIT_CONVERSION = YES;
				GCC_WARN_ABOUT_RETURN_TYPE = YES_ERROR;
				GCC_WARN_UNDECLARED_SELECTOR = YES;
				GCC_WARN_UNINITIALIZED_AUTOS = YES_AGGRESSIVE;
				GCC_WARN_UNUSED_FUNCTION = YES;
				GCC_WARN_UNUSED_VARIABLE = YES;
				IPHONEOS_DEPLOYMENT_TARGET = 16.0;
				MTL_ENABLE_DEBUG_INFO = NO;
				MTL_FAST_MATH = YES;
				SDKROOT = iphoneos;
				SWIFT_COMPILATION_MODE = wholemodule;
				SWIFT_OPTIMIZATION_LEVEL = "-O";
				VALIDATE_PRODUCT = YES;
			};
			name = Release;
		};
		01F89381293BFDB20087AD3C /* Debug */ = {
			isa = XCBuildConfiguration;
			baseConfigurationReference = B3D398D23C25E8033E3BC21F /* Pods-dogTranslator.debug.xcconfig */;
			buildSettings = {
				ASSETCATALOG_COMPILER_ALTERNATE_APPICON_NAMES = "AppIcon7 AppIcon6 AppIcon5 AppIcon4 AppIcon3 AppIcon2 AppIcon1 AppIcon9 AppIcon8";
				ASSETCATALOG_COMPILER_APPICON_NAME = AppIcon;
				ASSETCATALOG_COMPILER_GLOBAL_ACCENT_COLOR_NAME = AccentColor;
				ASSETCATALOG_COMPILER_INCLUDE_ALL_APPICON_ASSETS = YES;
				CODE_SIGN_STYLE = Automatic;
				CURRENT_PROJECT_VERSION = 15;
				DEVELOPMENT_TEAM = 2Q42SUF3JB;
				GENERATE_INFOPLIST_FILE = YES;
				INFOPLIST_FILE = dogTranslator/Info.plist;
				INFOPLIST_KEY_NSMicrophoneUsageDescription = "“Dog Translator” Would Like to Access the Microphone";
				INFOPLIST_KEY_UIApplicationSupportsIndirectInputEvents = YES;
				INFOPLIST_KEY_UILaunchStoryboardName = LaunchScreen;
				INFOPLIST_KEY_UISupportedInterfaceOrientations_iPad = "UIInterfaceOrientationPortrait UIInterfaceOrientationPortraitUpsideDown UIInterfaceOrientationLandscapeLeft UIInterfaceOrientationLandscapeRight";
				INFOPLIST_KEY_UISupportedInterfaceOrientations_iPhone = "UIInterfaceOrientationPortrait UIInterfaceOrientationLandscapeLeft UIInterfaceOrientationLandscapeRight";
				IPHONEOS_DEPLOYMENT_TARGET = 14.0;
				LD_RUNPATH_SEARCH_PATHS = (
					"$(inherited)",
					"@executable_path/Frameworks",
				);
				MARKETING_VERSION = 1.0;
				PRODUCT_BUNDLE_IDENTIFIER = com.mindateq.dogtranslator;
				PRODUCT_NAME = "$(TARGET_NAME)";
				SWIFT_EMIT_LOC_STRINGS = YES;
				SWIFT_VERSION = 5.0;
				TARGETED_DEVICE_FAMILY = "1,2";
			};
			name = Debug;
		};
		01F89382293BFDB20087AD3C /* Release */ = {
			isa = XCBuildConfiguration;
			baseConfigurationReference = 690F0333DBF35E2383C07356 /* Pods-dogTranslator.release.xcconfig */;
			buildSettings = {
				ASSETCATALOG_COMPILER_ALTERNATE_APPICON_NAMES = "AppIcon7 AppIcon6 AppIcon5 AppIcon4 AppIcon3 AppIcon2 AppIcon1 AppIcon9 AppIcon8";
				ASSETCATALOG_COMPILER_APPICON_NAME = AppIcon;
				ASSETCATALOG_COMPILER_GLOBAL_ACCENT_COLOR_NAME = AccentColor;
				ASSETCATALOG_COMPILER_INCLUDE_ALL_APPICON_ASSETS = YES;
				CODE_SIGN_STYLE = Automatic;
				CURRENT_PROJECT_VERSION = 15;
				DEVELOPMENT_TEAM = 2Q42SUF3JB;
				GENERATE_INFOPLIST_FILE = YES;
				INFOPLIST_FILE = dogTranslator/Info.plist;
				INFOPLIST_KEY_NSMicrophoneUsageDescription = "“Dog Translator” Would Like to Access the Microphone";
				INFOPLIST_KEY_UIApplicationSupportsIndirectInputEvents = YES;
				INFOPLIST_KEY_UILaunchStoryboardName = LaunchScreen;
				INFOPLIST_KEY_UISupportedInterfaceOrientations_iPad = "UIInterfaceOrientationPortrait UIInterfaceOrientationPortraitUpsideDown UIInterfaceOrientationLandscapeLeft UIInterfaceOrientationLandscapeRight";
				INFOPLIST_KEY_UISupportedInterfaceOrientations_iPhone = "UIInterfaceOrientationPortrait UIInterfaceOrientationLandscapeLeft UIInterfaceOrientationLandscapeRight";
				IPHONEOS_DEPLOYMENT_TARGET = 14.0;
				LD_RUNPATH_SEARCH_PATHS = (
					"$(inherited)",
					"@executable_path/Frameworks",
				);
				MARKETING_VERSION = 1.0;
				PRODUCT_BUNDLE_IDENTIFIER = com.mindateq.dogtranslator;
				PRODUCT_NAME = "$(TARGET_NAME)";
				SWIFT_EMIT_LOC_STRINGS = YES;
				SWIFT_VERSION = 5.0;
				TARGETED_DEVICE_FAMILY = "1,2";
			};
			name = Release;
		};
/* End XCBuildConfiguration section */

/* Begin XCConfigurationList section */
		01F89367293BFDB10087AD3C /* Build configuration list for PBXProject "dogTranslator" */ = {
			isa = XCConfigurationList;
			buildConfigurations = (
				01F8937E293BFDB20087AD3C /* Debug */,
				01F8937F293BFDB20087AD3C /* Release */,
			);
			defaultConfigurationIsVisible = 0;
			defaultConfigurationName = Release;
		};
		01F89380293BFDB20087AD3C /* Build configuration list for PBXNativeTarget "dogTranslator" */ = {
			isa = XCConfigurationList;
			buildConfigurations = (
				01F89381293BFDB20087AD3C /* Debug */,
				01F89382293BFDB20087AD3C /* Release */,
			);
			defaultConfigurationIsVisible = 0;
			defaultConfigurationName = Release;
		};
/* End XCConfigurationList section */
	};
	rootObject = 01F89364293BFDB10087AD3C /* Project object */;
}
